lockfileVersion: 5.4

specifiers:
  '@aws-sdk/client-s3': ^3.112.0
  '@aws-sdk/s3-presigned-post': ^3.112.0
  '@aws-sdk/s3-request-presigner': ^3.112.0
  '@swc-node/register': 1.5.4
  '@types/node': 18.7.14
  dotenv: ^16.0.1
  typescript: 4.8.2
  uuid: ^9.0.0

dependencies:
  '@aws-sdk/client-s3': 3.112.0
  '@aws-sdk/s3-presigned-post': 3.112.0
  '@aws-sdk/s3-request-presigner': 3.112.0
  dotenv: 16.0.1
  uuid: 9.0.0

devDependencies:
  '@swc-node/register': 1.5.4_typescript@4.8.2
  '@types/node': 18.7.14
  typescript: 4.8.2

packages:

  /@aws-crypto/crc32/2.0.0:
    resolution: {integrity: sha512-TvE1r2CUueyXOuHdEigYjIZVesInd9KN+K/TFFNfkkxRThiNxO6i4ZqqAVMoEjAamZZ1AA8WXJkjCz7YShHPQA==}
    dependencies:
      '@aws-crypto/util': 2.0.1
      '@aws-sdk/types': 3.110.0
      tslib: 1.14.1
    dev: false

  /@aws-crypto/crc32c/2.0.0:
    resolution: {integrity: sha512-vF0eMdMHx3O3MoOXUfBZry8Y4ZDtcuskjjKgJz8YfIDjLStxTZrYXk+kZqtl6A0uCmmiN/Eb/JbC/CndTV1MHg==}
    dependencies:
      '@aws-crypto/util': 2.0.1
      '@aws-sdk/types': 3.110.0
      tslib: 1.14.1
    dev: false

  /@aws-crypto/ie11-detection/2.0.0:
    resolution: {integrity: sha512-pkVXf/dq6PITJ0jzYZ69VhL8VFOFoPZLZqtU/12SGnzYuJOOGNfF41q9GxdI1yqC8R13Rq3jOLKDFpUJFT5eTA==}
    dependencies:
      tslib: 1.14.1
    dev: false

  /@aws-crypto/sha1-browser/2.0.0:
    resolution: {integrity: sha512-3fIVRjPFY8EG5HWXR+ZJZMdWNRpwbxGzJ9IH9q93FpbgCH8u8GHRi46mZXp3cYD7gealmyqpm3ThZwLKJjWJhA==}
    dependencies:
      '@aws-crypto/ie11-detection': 2.0.0
      '@aws-crypto/supports-web-crypto': 2.0.0
      '@aws-sdk/types': 3.110.0
      '@aws-sdk/util-locate-window': 3.55.0
      '@aws-sdk/util-utf8-browser': 3.109.0
      tslib: 1.14.1
    dev: false

  /@aws-crypto/sha256-browser/2.0.0:
    resolution: {integrity: sha512-rYXOQ8BFOaqMEHJrLHul/25ckWH6GTJtdLSajhlqGMx0PmSueAuvboCuZCTqEKlxR8CQOwRarxYMZZSYlhRA1A==}
    dependencies:
      '@aws-crypto/ie11-detection': 2.0.0
      '@aws-crypto/sha256-js': 2.0.0
      '@aws-crypto/supports-web-crypto': 2.0.0
      '@aws-crypto/util': 2.0.1
      '@aws-sdk/types': 3.110.0
      '@aws-sdk/util-locate-window': 3.55.0
      '@aws-sdk/util-utf8-browser': 3.109.0
      tslib: 1.14.1
    dev: false

  /@aws-crypto/sha256-js/2.0.0:
    resolution: {integrity: sha512-VZY+mCY4Nmrs5WGfitmNqXzaE873fcIZDu54cbaDaaamsaTOP1DBImV9F4pICc3EHjQXujyE8jig+PFCaew9ig==}
    dependencies:
      '@aws-crypto/util': 2.0.1
      '@aws-sdk/types': 3.110.0
      tslib: 1.14.1
    dev: false

  /@aws-crypto/supports-web-crypto/2.0.0:
    resolution: {integrity: sha512-Ge7WQ3E0OC7FHYprsZV3h0QIcpdyJLvIeg+uTuHqRYm8D6qCFJoiC+edSzSyFiHtZf+NOQDJ1q46qxjtzIY2nA==}
    dependencies:
      tslib: 1.14.1
    dev: false

  /@aws-crypto/util/2.0.1:
    resolution: {integrity: sha512-JJmFFwvbm08lULw4Nm5QOLg8+lAQeC8aCXK5xrtxntYzYXCGfHwUJ4Is3770Q7HmICsXthGQ+ZsDL7C2uH3yBQ==}
    dependencies:
      '@aws-sdk/types': 3.110.0
      '@aws-sdk/util-utf8-browser': 3.109.0
      tslib: 1.14.1
    dev: false

  /@aws-sdk/abort-controller/3.110.0:
    resolution: {integrity: sha512-zok/WEVuK7Jh6V9YeA56pNZtxUASon9LTkS7vE65A4UFmNkPGNBCNgoiBcbhWfxwrZ8wtXcQk6rtUut39831mA==}
    engines: {node: '>= 12.0.0'}
    dependencies:
      '@aws-sdk/types': 3.110.0
      tslib: 2.4.0
    dev: false

  /@aws-sdk/chunked-blob-reader-native/3.109.0:
    resolution: {integrity: sha512-Ybn3vDZ3CqGyprL2qdF6QZqoqlx8lA3qOJepobjuKKDRw+KgGxjUY4NvWe0R2MdRoduyaDj6uvhIay0S1MOSJQ==}
    dependencies:
      '@aws-sdk/util-base64-browser': 3.109.0
      tslib: 2.4.0
    dev: false

  /@aws-sdk/chunked-blob-reader/3.55.0:
    resolution: {integrity: sha512-o/xjMCq81opAjSBjt7YdHJwIJcGVG5XIV9+C2KXcY5QwVimkOKPybWTv0mXPvSwSilSx+EhpLNhkcJuXdzhw4w==}
    dependencies:
      tslib: 2.4.0
    dev: false

  /@aws-sdk/client-s3/3.112.0:
    resolution: {integrity: sha512-vB7+tnYSmyfa0qL0fLkKRgtmZVbAdpyTz/YNL8JYGwcc7jvYjEyGVIgvYMqE3VVE6VMlgMl5ZBlhBFL2XXSAJg==}
    engines: {node: '>=12.0.0'}
    dependencies:
      '@aws-crypto/sha1-browser': 2.0.0
      '@aws-crypto/sha256-browser': 2.0.0
      '@aws-crypto/sha256-js': 2.0.0
      '@aws-sdk/client-sts': 3.112.0
      '@aws-sdk/config-resolver': 3.110.0
      '@aws-sdk/credential-provider-node': 3.112.0
      '@aws-sdk/eventstream-serde-browser': 3.110.0
      '@aws-sdk/eventstream-serde-config-resolver': 3.110.0
      '@aws-sdk/eventstream-serde-node': 3.110.0
      '@aws-sdk/fetch-http-handler': 3.110.0
      '@aws-sdk/hash-blob-browser': 3.110.0
      '@aws-sdk/hash-node': 3.110.0
      '@aws-sdk/hash-stream-node': 3.110.0
      '@aws-sdk/invalid-dependency': 3.110.0
      '@aws-sdk/md5-js': 3.110.0
      '@aws-sdk/middleware-bucket-endpoint': 3.110.0
      '@aws-sdk/middleware-content-length': 3.110.0
      '@aws-sdk/middleware-expect-continue': 3.110.0
      '@aws-sdk/middleware-flexible-checksums': 3.110.0
      '@aws-sdk/middleware-host-header': 3.110.0
      '@aws-sdk/middleware-location-constraint': 3.110.0
      '@aws-sdk/middleware-logger': 3.110.0
      '@aws-sdk/middleware-recursion-detection': 3.110.0
      '@aws-sdk/middleware-retry': 3.110.0
      '@aws-sdk/middleware-sdk-s3': 3.110.0
      '@aws-sdk/middleware-serde': 3.110.0
      '@aws-sdk/middleware-signing': 3.110.0
      '@aws-sdk/middleware-ssec': 3.110.0
      '@aws-sdk/middleware-stack': 3.110.0
      '@aws-sdk/middleware-user-agent': 3.110.0
      '@aws-sdk/node-config-provider': 3.110.0
      '@aws-sdk/node-http-handler': 3.110.0
      '@aws-sdk/protocol-http': 3.110.0
      '@aws-sdk/signature-v4-multi-region': 3.110.0
      '@aws-sdk/smithy-client': 3.110.0
      '@aws-sdk/types': 3.110.0
      '@aws-sdk/url-parser': 3.110.0
      '@aws-sdk/util-base64-browser': 3.109.0
      '@aws-sdk/util-base64-node': 3.55.0
      '@aws-sdk/util-body-length-browser': 3.55.0
      '@aws-sdk/util-body-length-node': 3.55.0
      '@aws-sdk/util-defaults-mode-browser': 3.110.0
      '@aws-sdk/util-defaults-mode-node': 3.110.0
      '@aws-sdk/util-stream-browser': 3.110.0
      '@aws-sdk/util-stream-node': 3.110.0
      '@aws-sdk/util-user-agent-browser': 3.110.0
      '@aws-sdk/util-user-agent-node': 3.110.0
      '@aws-sdk/util-utf8-browser': 3.109.0
      '@aws-sdk/util-utf8-node': 3.109.0
      '@aws-sdk/util-waiter': 3.110.0
      '@aws-sdk/xml-builder': 3.109.0
      entities: 2.2.0
      fast-xml-parser: 3.19.0
      tslib: 2.4.0
    transitivePeerDependencies:
      - '@aws-sdk/signature-v4-crt'
    dev: false

  /@aws-sdk/client-sso/3.112.0:
    resolution: {integrity: sha512-FwFmiapxuVQiyMdDaBvCpajnJkVWEUHBdO+7rIpzgKHkODEPou5/AwboaGRPEFYULOyYeI0HiDFzpK0G6de+7Q==}
    engines: {node: '>=12.0.0'}
    dependencies:
      '@aws-crypto/sha256-browser': 2.0.0
      '@aws-crypto/sha256-js': 2.0.0
      '@aws-sdk/config-resolver': 3.110.0
      '@aws-sdk/fetch-http-handler': 3.110.0
      '@aws-sdk/hash-node': 3.110.0
      '@aws-sdk/invalid-dependency': 3.110.0
      '@aws-sdk/middleware-content-length': 3.110.0
      '@aws-sdk/middleware-host-header': 3.110.0
      '@aws-sdk/middleware-logger': 3.110.0
      '@aws-sdk/middleware-recursion-detection': 3.110.0
      '@aws-sdk/middleware-retry': 3.110.0
      '@aws-sdk/middleware-serde': 3.110.0
      '@aws-sdk/middleware-stack': 3.110.0
      '@aws-sdk/middleware-user-agent': 3.110.0
      '@aws-sdk/node-config-provider': 3.110.0
      '@aws-sdk/node-http-handler': 3.110.0
      '@aws-sdk/protocol-http': 3.110.0
      '@aws-sdk/smithy-client': 3.110.0
      '@aws-sdk/types': 3.110.0
      '@aws-sdk/url-parser': 3.110.0
      '@aws-sdk/util-base64-browser': 3.109.0
      '@aws-sdk/util-base64-node': 3.55.0
      '@aws-sdk/util-body-length-browser': 3.55.0
      '@aws-sdk/util-body-length-node': 3.55.0
      '@aws-sdk/util-defaults-mode-browser': 3.110.0
      '@aws-sdk/util-defaults-mode-node': 3.110.0
      '@aws-sdk/util-user-agent-browser': 3.110.0
      '@aws-sdk/util-user-agent-node': 3.110.0
      '@aws-sdk/util-utf8-browser': 3.109.0
      '@aws-sdk/util-utf8-node': 3.109.0
      tslib: 2.4.0
    dev: false

  /@aws-sdk/client-sts/3.112.0:
    resolution: {integrity: sha512-hSApRO2wg3jk9VRGM6SCZO3aFP7DKVSUqs6FrvlXlj+JU88ZKObjrGE61cCzXoD89Dh+b9t8A2T6W51Nzriaxw==}
    engines: {node: '>=12.0.0'}
    dependencies:
      '@aws-crypto/sha256-browser': 2.0.0
      '@aws-crypto/sha256-js': 2.0.0
      '@aws-sdk/config-resolver': 3.110.0
      '@aws-sdk/credential-provider-node': 3.112.0
      '@aws-sdk/fetch-http-handler': 3.110.0
      '@aws-sdk/hash-node': 3.110.0
      '@aws-sdk/invalid-dependency': 3.110.0
      '@aws-sdk/middleware-content-length': 3.110.0
      '@aws-sdk/middleware-host-header': 3.110.0
      '@aws-sdk/middleware-logger': 3.110.0
      '@aws-sdk/middleware-recursion-detection': 3.110.0
      '@aws-sdk/middleware-retry': 3.110.0
      '@aws-sdk/middleware-sdk-sts': 3.110.0
      '@aws-sdk/middleware-serde': 3.110.0
      '@aws-sdk/middleware-signing': 3.110.0
      '@aws-sdk/middleware-stack': 3.110.0
      '@aws-sdk/middleware-user-agent': 3.110.0
      '@aws-sdk/node-config-provider': 3.110.0
      '@aws-sdk/node-http-handler': 3.110.0
      '@aws-sdk/protocol-http': 3.110.0
      '@aws-sdk/smithy-client': 3.110.0
      '@aws-sdk/types': 3.110.0
      '@aws-sdk/url-parser': 3.110.0
      '@aws-sdk/util-base64-browser': 3.109.0
      '@aws-sdk/util-base64-node': 3.55.0
      '@aws-sdk/util-body-length-browser': 3.55.0
      '@aws-sdk/util-body-length-node': 3.55.0
      '@aws-sdk/util-defaults-mode-browser': 3.110.0
      '@aws-sdk/util-defaults-mode-node': 3.110.0
      '@aws-sdk/util-user-agent-browser': 3.110.0
      '@aws-sdk/util-user-agent-node': 3.110.0
      '@aws-sdk/util-utf8-browser': 3.109.0
      '@aws-sdk/util-utf8-node': 3.109.0
      entities: 2.2.0
      fast-xml-parser: 3.19.0
      tslib: 2.4.0
    dev: false

  /@aws-sdk/config-resolver/3.110.0:
    resolution: {integrity: sha512-7VvtKy4CL63BAktQ2vgsjhWDSXpkXO5YdiI56LQnHztrvSuJBBaxJ7R1p/k0b2tEUhYKUziAIW8EKE/7EGPR4g==}
    engines: {node: '>= 12.0.0'}
    dependencies:
      '@aws-sdk/signature-v4': 3.110.0
      '@aws-sdk/types': 3.110.0
      '@aws-sdk/util-config-provider': 3.109.0
      '@aws-sdk/util-middleware': 3.110.0
      tslib: 2.4.0
    dev: false

  /@aws-sdk/credential-provider-env/3.110.0:
    resolution: {integrity: sha512-oFU3IYk/Bl5tdsz1qigtm3I25a9cvXPqlE8VjYjxVDdLujF5zd/4HLbhP4GQWhpEwZmM1ijcSNfLcyywVevTZg==}
    engines: {node: '>= 12.0.0'}
    dependencies:
      '@aws-sdk/property-provider': 3.110.0
      '@aws-sdk/types': 3.110.0
      tslib: 2.4.0
    dev: false

  /@aws-sdk/credential-provider-imds/3.110.0:
    resolution: {integrity: sha512-atl+7/dAB+8fG9XI2fYyCgXKYDbOzot65VAwis+14bOEUCVp7PCJifBEZ/L8GEq564p+Fa2p1IpV0wuQXxqFUQ==}
    engines: {node: '>= 12.0.0'}
    dependencies:
      '@aws-sdk/node-config-provider': 3.110.0
      '@aws-sdk/property-provider': 3.110.0
      '@aws-sdk/types': 3.110.0
      '@aws-sdk/url-parser': 3.110.0
      tslib: 2.4.0
    dev: false

  /@aws-sdk/credential-provider-ini/3.112.0:
    resolution: {integrity: sha512-ebgZ6/jZdTGHQ3zfq/ccmS+7YmLk6yUWHDmh69VK+B1Dd+S1jFwbD9EQ+pYWCp/gEl9F620NSwb6KghRylPWEQ==}
    engines: {node: '>= 12.0.0'}
    dependencies:
      '@aws-sdk/credential-provider-env': 3.110.0
      '@aws-sdk/credential-provider-imds': 3.110.0
      '@aws-sdk/credential-provider-sso': 3.112.0
      '@aws-sdk/credential-provider-web-identity': 3.110.0
      '@aws-sdk/property-provider': 3.110.0
      '@aws-sdk/shared-ini-file-loader': 3.110.0
      '@aws-sdk/types': 3.110.0
      tslib: 2.4.0
    dev: false

  /@aws-sdk/credential-provider-node/3.112.0:
    resolution: {integrity: sha512-7txS7P3BAaU4cksFw/PnoVskVvO8h/TPvOl/BxFtCiUdwA6FRltLvBeMlN08fwUoqgM6z06q8areBdeDqCHOSw==}
    engines: {node: '>=12.0.0'}
    dependencies:
      '@aws-sdk/credential-provider-env': 3.110.0
      '@aws-sdk/credential-provider-imds': 3.110.0
      '@aws-sdk/credential-provider-ini': 3.112.0
      '@aws-sdk/credential-provider-process': 3.110.0
      '@aws-sdk/credential-provider-sso': 3.112.0
      '@aws-sdk/credential-provider-web-identity': 3.110.0
      '@aws-sdk/property-provider': 3.110.0
      '@aws-sdk/shared-ini-file-loader': 3.110.0
      '@aws-sdk/types': 3.110.0
      tslib: 2.4.0
    dev: false

  /@aws-sdk/credential-provider-process/3.110.0:
    resolution: {integrity: sha512-JJcZePvRTfQHYj/+EEY13yItnZH/e8exlARFUjN0L13UrgHpOJtDQBa+YBHXo6MbTFQh+re25z2kzc+zOYSMNQ==}
    engines: {node: '>= 12.0.0'}
    dependencies:
      '@aws-sdk/property-provider': 3.110.0
      '@aws-sdk/shared-ini-file-loader': 3.110.0
      '@aws-sdk/types': 3.110.0
      tslib: 2.4.0
    dev: false

  /@aws-sdk/credential-provider-sso/3.112.0:
    resolution: {integrity: sha512-b6rOrSXbNK3fGyPvNpyF5zdktmAoNOqHCTmFSUcxRxOipyRGb5JACsbjWthIQkpWkpNCT8GFNLEg9spXPFIdLA==}
    engines: {node: '>= 12.0.0'}
    dependencies:
      '@aws-sdk/client-sso': 3.112.0
      '@aws-sdk/property-provider': 3.110.0
      '@aws-sdk/shared-ini-file-loader': 3.110.0
      '@aws-sdk/types': 3.110.0
      tslib: 2.4.0
    dev: false

  /@aws-sdk/credential-provider-web-identity/3.110.0:
    resolution: {integrity: sha512-e4e5u7v3fsUFZsMcFMhMy1NdJBQpunYcLwpYlszm3OEICwTTekQ+hVvnVRd134doHvzepE4yp9sAop0Cj+IRVQ==}
    engines: {node: '>= 12.0.0'}
    dependencies:
      '@aws-sdk/property-provider': 3.110.0
      '@aws-sdk/types': 3.110.0
      tslib: 2.4.0
    dev: false

  /@aws-sdk/eventstream-marshaller/3.110.0:
    resolution: {integrity: sha512-ZVJI2iCmjxigtLKfc9v48NHY34Qos5l9wgxzB1lU+RwaBppbmjogvIpPlKewEuAFsLTrErUK4ONBWGGsvLYlBQ==}
    dependencies:
      '@aws-crypto/crc32': 2.0.0
      '@aws-sdk/types': 3.110.0
      '@aws-sdk/util-hex-encoding': 3.109.0
      tslib: 2.4.0
    dev: false

  /@aws-sdk/eventstream-serde-browser/3.110.0:
    resolution: {integrity: sha512-zeZpKO9Ccsg6seB9oYf9rEQkYfM4nWnyQJtfGvpj/BlkJ7i3UhpbVca8q6aC61WLb3fcO/JROqNfDK1Vis8RgA==}
    engines: {node: '>= 12.0.0'}
    dependencies:
      '@aws-sdk/eventstream-marshaller': 3.110.0
      '@aws-sdk/eventstream-serde-universal': 3.110.0
      '@aws-sdk/types': 3.110.0
      tslib: 2.4.0
    dev: false

  /@aws-sdk/eventstream-serde-config-resolver/3.110.0:
    resolution: {integrity: sha512-0kyKUU5/46OGe6rgIqbNRJEQhNYwxLdgcJXlBl6q6CdgyQApz6jsAgG0C5xhSLSi4iJijDRriJTowAhkq4AlWQ==}
    engines: {node: '>= 12.0.0'}
    dependencies:
      '@aws-sdk/types': 3.110.0
      tslib: 2.4.0
    dev: false

  /@aws-sdk/eventstream-serde-node/3.110.0:
    resolution: {integrity: sha512-Bd7d57BANdy1RBnZ6EBxEaDzC4DidR40EMEk08Ho3+md6CW/vmW63n9wAhKjdoq9a+Hp6aDWP4huVKhyT/d6PA==}
    engines: {node: '>= 12.0.0'}
    dependencies:
      '@aws-sdk/eventstream-marshaller': 3.110.0
      '@aws-sdk/eventstream-serde-universal': 3.110.0
      '@aws-sdk/types': 3.110.0
      tslib: 2.4.0
    dev: false

  /@aws-sdk/eventstream-serde-universal/3.110.0:
    resolution: {integrity: sha512-VjzOxDaHCzPlZs+9UqqQABP47gCWf97kqwhuoPUsCzV8leEHnLfAX3BvIZ58kNr4Fycua5AgK7Ww6uFfXVeW8w==}
    engines: {node: '>= 12.0.0'}
    dependencies:
      '@aws-sdk/eventstream-marshaller': 3.110.0
      '@aws-sdk/types': 3.110.0
      tslib: 2.4.0
    dev: false

  /@aws-sdk/fetch-http-handler/3.110.0:
    resolution: {integrity: sha512-vk+K4GeCZL2J2rtvKO+T0Q7i3MDpEGZBMg5K2tj9sMcEQwty0BF0aFnP7Eu2l4/Zif2z1mWuUFM2WcZI6DVnbw==}
    dependencies:
      '@aws-sdk/protocol-http': 3.110.0
      '@aws-sdk/querystring-builder': 3.110.0
      '@aws-sdk/types': 3.110.0
      '@aws-sdk/util-base64-browser': 3.109.0
      tslib: 2.4.0
    dev: false

  /@aws-sdk/hash-blob-browser/3.110.0:
    resolution: {integrity: sha512-NkTosjlYwP2dcBXY6yzhNafAK+W2nceheffvWdyGA29+E9YdRjDminXvKc/WAkZUMOW0CaCbD90otOiimAAYyQ==}
    dependencies:
      '@aws-sdk/chunked-blob-reader': 3.55.0
      '@aws-sdk/chunked-blob-reader-native': 3.109.0
      '@aws-sdk/types': 3.110.0
      tslib: 2.4.0
    dev: false

  /@aws-sdk/hash-node/3.110.0:
    resolution: {integrity: sha512-wakl+kP2O8wTGYiQ3InZy+CVfGrIpFfq9fo4zif9PZac0BbUbguUU1dkY34uZiaf+4o2/9MoDYrHU2HYeXKxWw==}
    engines: {node: '>= 12.0.0'}
    dependencies:
      '@aws-sdk/types': 3.110.0
      '@aws-sdk/util-buffer-from': 3.55.0
      tslib: 2.4.0
    dev: false

  /@aws-sdk/hash-stream-node/3.110.0:
    resolution: {integrity: sha512-srlStn+dCnBlQy4oWBz3oFS8vT5Xgxhra91rt9U+vHruCyQ0L1es0J87X4uwy2HRlnIw3daPtVLtxekahEXzKQ==}
    engines: {node: '>= 12.0.0'}
    dependencies:
      '@aws-sdk/types': 3.110.0
      tslib: 2.4.0
    dev: false

  /@aws-sdk/invalid-dependency/3.110.0:
    resolution: {integrity: sha512-O8J1InmtJkoiUMbQDtxBfOzgigBp9iSVsNXQrhs2qHh3826cJOfE7NGT3u+NMw73Pk5j2cfmOh1+7k/76IqxOg==}
    dependencies:
      '@aws-sdk/types': 3.110.0
      tslib: 2.4.0
    dev: false

  /@aws-sdk/is-array-buffer/3.55.0:
    resolution: {integrity: sha512-NbiPHVYuPxdqdFd6FxzzN3H1BQn/iWA3ri3Ry7AyLeP/tGs1yzEWMwf8BN8TSMALI0GXT6Sh0GDWy3Ok5xB6DA==}
    engines: {node: '>= 12.0.0'}
    dependencies:
      tslib: 2.4.0
    dev: false

  /@aws-sdk/md5-js/3.110.0:
    resolution: {integrity: sha512-66gV6CH8O7ymTZMIbGjdUI71K7ErDfudhtN/ULb97kD2TYX4NlFtxNZxx3+iZH1G0H636lWm9hJcU5ELG9B+bw==}
    dependencies:
      '@aws-sdk/types': 3.110.0
      '@aws-sdk/util-utf8-browser': 3.109.0
      '@aws-sdk/util-utf8-node': 3.109.0
      tslib: 2.4.0
    dev: false

  /@aws-sdk/middleware-bucket-endpoint/3.110.0:
    resolution: {integrity: sha512-l1q0KzMRFyGSSc7LZGEh2xhCha1933C8uJE5g23b7dZdklEU5I62l4daELo+TBANcxFzDiRXd6g5mly/T+ZTSg==}
    engines: {node: '>= 12.0.0'}
    dependencies:
      '@aws-sdk/protocol-http': 3.110.0
      '@aws-sdk/types': 3.110.0
      '@aws-sdk/util-arn-parser': 3.55.0
      '@aws-sdk/util-config-provider': 3.109.0
      tslib: 2.4.0
    dev: false

  /@aws-sdk/middleware-content-length/3.110.0:
    resolution: {integrity: sha512-hKU+zdqfAJQg22LXMVu/z35nNIHrVAKpVKPe9+WYVdL/Z7JKUPK7QymqKGOyDuDbzW6OxyulC1zKGEX12zGmdA==}
    engines: {node: '>= 12.0.0'}
    dependencies:
      '@aws-sdk/protocol-http': 3.110.0
      '@aws-sdk/types': 3.110.0
      tslib: 2.4.0
    dev: false

  /@aws-sdk/middleware-expect-continue/3.110.0:
    resolution: {integrity: sha512-agRV/Z2C6St0oVB/giKTDdq46xw2bPY2xwvd44PfPMi6KkPW1Ri2ZPrzwBevLFUpbzDcRj8Je9mgdl706HFIig==}
    engines: {node: '>= 12.0.0'}
    dependencies:
      '@aws-sdk/middleware-header-default': 3.110.0
      '@aws-sdk/protocol-http': 3.110.0
      '@aws-sdk/types': 3.110.0
      tslib: 2.4.0
    dev: false

  /@aws-sdk/middleware-flexible-checksums/3.110.0:
    resolution: {integrity: sha512-Z/v1Da+e1McxrVr1s4jUykp2EXsOHpTxZ4M0X8vNkXCIVSuaMp4UI0P+LQawbDA+j3FaecqqBfWMZ2sHQ8bpoA==}
    engines: {node: '>= 12.0.0'}
    dependencies:
      '@aws-crypto/crc32': 2.0.0
      '@aws-crypto/crc32c': 2.0.0
      '@aws-sdk/is-array-buffer': 3.55.0
      '@aws-sdk/protocol-http': 3.110.0
      '@aws-sdk/types': 3.110.0
      tslib: 2.4.0
    dev: false

  /@aws-sdk/middleware-header-default/3.110.0:
    resolution: {integrity: sha512-aezdkU/O8eWDNL9XEs9DG1MTS4EVaUEyz25+TrPPRBzCFccMnGf5tUHDG62I59NLtWjtipxQ7QOqyA3jF5WTFQ==}
    engines: {node: '>= 12.0.0'}
    dependencies:
      '@aws-sdk/protocol-http': 3.110.0
      '@aws-sdk/types': 3.110.0
      tslib: 2.4.0
    dev: false

  /@aws-sdk/middleware-host-header/3.110.0:
    resolution: {integrity: sha512-/Cknn1vL2LTlclI0MX2RzmtdPlCJ5palCRXxm/mod1oHwg4oNTKRlUX3LUD+L8g7JuJ4h053Ch9KS/A0vanE5Q==}
    engines: {node: '>= 12.0.0'}
    dependencies:
      '@aws-sdk/protocol-http': 3.110.0
      '@aws-sdk/types': 3.110.0
      tslib: 2.4.0
    dev: false

  /@aws-sdk/middleware-location-constraint/3.110.0:
    resolution: {integrity: sha512-8ZSo9sqrTMcSp0xEJQ3ypmQpeSMQl1NXXv72khJPweZqDoO0eAbfytwyH4JH4sP0VwVVmuDHdwPXyDZX7I0iQg==}
    engines: {node: '>= 12.0.0'}
    dependencies:
      '@aws-sdk/types': 3.110.0
      tslib: 2.4.0
    dev: false

  /@aws-sdk/middleware-logger/3.110.0:
    resolution: {integrity: sha512-+pz+a+8dfTnzLj79nHrv3aONMp/N36/erMd+7JXeR84QEosVLrFBUwKA8x5x6O3s1iBbQzRKMYEIuja9xn1BPA==}
    engines: {node: '>= 12.0.0'}
    dependencies:
      '@aws-sdk/types': 3.110.0
      tslib: 2.4.0
    dev: false

  /@aws-sdk/middleware-recursion-detection/3.110.0:
    resolution: {integrity: sha512-Wav782zd7bcd1e6txRob76CDOdVOaUQ8HXoywiIm/uFrEEUZvhs2mgnXjVUVCMBUehdNgnL99z420aS13JeL/Q==}
    engines: {node: '>= 12.0.0'}
    dependencies:
      '@aws-sdk/protocol-http': 3.110.0
      '@aws-sdk/types': 3.110.0
      tslib: 2.4.0
    dev: false

  /@aws-sdk/middleware-retry/3.110.0:
    resolution: {integrity: sha512-lwLAQQveCiUqymQvVYjCee6QOXw3Zqbc9yq+pxYdXbs1Cv1XMA6PeJeUU5r5KEVuSceBLyyrnl6E0R1l1om1MQ==}
    engines: {node: '>= 12.0.0'}
    dependencies:
      '@aws-sdk/protocol-http': 3.110.0
      '@aws-sdk/service-error-classification': 3.110.0
      '@aws-sdk/types': 3.110.0
      '@aws-sdk/util-middleware': 3.110.0
      tslib: 2.4.0
      uuid: 8.3.2
    dev: false

  /@aws-sdk/middleware-sdk-s3/3.110.0:
    resolution: {integrity: sha512-/PpZU11dkGldD6yeAccPxFd5nzofLOA3+j25RdIwz2jlJMLl9TeznYRtFH5JhHonP3lsK+IPEnFPwuL6gkBxIQ==}
    engines: {node: '>= 12.0.0'}
    dependencies:
      '@aws-sdk/middleware-bucket-endpoint': 3.110.0
      '@aws-sdk/protocol-http': 3.110.0
      '@aws-sdk/types': 3.110.0
      '@aws-sdk/util-arn-parser': 3.55.0
      tslib: 2.4.0
    dev: false

  /@aws-sdk/middleware-sdk-sts/3.110.0:
    resolution: {integrity: sha512-EjY/YFdlr5jECde6qIrTIyGBbn/34CKcQGKvmvRd31+3qaClIJLAwNuHfcVzWvCUGbAslsfvdbOpLju33pSQRA==}
    engines: {node: '>= 12.0.0'}
    dependencies:
      '@aws-sdk/middleware-signing': 3.110.0
      '@aws-sdk/property-provider': 3.110.0
      '@aws-sdk/protocol-http': 3.110.0
      '@aws-sdk/signature-v4': 3.110.0
      '@aws-sdk/types': 3.110.0
      tslib: 2.4.0
    dev: false

  /@aws-sdk/middleware-serde/3.110.0:
    resolution: {integrity: sha512-brVupxgEAmcZ9cZvdHEH8zncjvGKIiud8pOe4fiimp5NpHmjBLew4jUbnOKNZNAjaidcKUtz//cxtutD6yXEww==}
    engines: {node: '>= 12.0.0'}
    dependencies:
      '@aws-sdk/types': 3.110.0
      tslib: 2.4.0
    dev: false

  /@aws-sdk/middleware-signing/3.110.0:
    resolution: {integrity: sha512-y6ZKrGYfgDlFMzWhZmoq5J1UctBgZOUvMmnU9sSeZ020IlEPiOxFMvR0Zu6TcYThp8uy3P0wyjQtGYeTl9Z/kA==}
    engines: {node: '>= 12.0.0'}
    dependencies:
      '@aws-sdk/property-provider': 3.110.0
      '@aws-sdk/protocol-http': 3.110.0
      '@aws-sdk/signature-v4': 3.110.0
      '@aws-sdk/types': 3.110.0
      tslib: 2.4.0
    dev: false

  /@aws-sdk/middleware-ssec/3.110.0:
    resolution: {integrity: sha512-Zrm+h+C+MXv2Q+mh8O/zwK2hUYM4kq4I1vx72RPpvyfIk4/F5ZzeA3LSVluISyAW+iNqS8XFvGFrzl2gB8zWsg==}
    engines: {node: '>= 12.0.0'}
    dependencies:
      '@aws-sdk/types': 3.110.0
      tslib: 2.4.0
    dev: false

  /@aws-sdk/middleware-stack/3.110.0:
    resolution: {integrity: sha512-iaLHw6ctOuGa9UxNueU01Xes+15dR+mqioRpUOUZ9Zx+vhXVpD7C8lnNqhRnYeFXs10/rNIzASgsIrAHTlnlIQ==}
    engines: {node: '>= 12.0.0'}
    dependencies:
      tslib: 2.4.0
    dev: false

  /@aws-sdk/middleware-user-agent/3.110.0:
    resolution: {integrity: sha512-Y6FgiZr99DilYq6AjeaaWcNwVlSQpNGKrILzvV4Tmz03OaBIspe4KL+8EZ2YA/sAu5Lpw80vItdezqDOwGAlnQ==}
    engines: {node: '>= 12.0.0'}
    dependencies:
      '@aws-sdk/protocol-http': 3.110.0
      '@aws-sdk/types': 3.110.0
      tslib: 2.4.0
    dev: false

  /@aws-sdk/node-config-provider/3.110.0:
    resolution: {integrity: sha512-46p4dCPGYctuybTQTwLpjenA1QFHeyJw/OyggGbtUJUy+833+ldnAwcPVML2aXJKUKv3APGI8vq1kaloyNku3Q==}
    engines: {node: '>= 12.0.0'}
    dependencies:
      '@aws-sdk/property-provider': 3.110.0
      '@aws-sdk/shared-ini-file-loader': 3.110.0
      '@aws-sdk/types': 3.110.0
      tslib: 2.4.0
    dev: false

  /@aws-sdk/node-http-handler/3.110.0:
    resolution: {integrity: sha512-/rP+hY516DpP8fZhwFW5xM/ElH0w6lxw/15VvZCoY5EnOLAF5XIsJdzscWPSEW2FHCylBM4SNrKhGar14BDXhA==}
    engines: {node: '>= 12.0.0'}
    dependencies:
      '@aws-sdk/abort-controller': 3.110.0
      '@aws-sdk/protocol-http': 3.110.0
      '@aws-sdk/querystring-builder': 3.110.0
      '@aws-sdk/types': 3.110.0
      tslib: 2.4.0
    dev: false

  /@aws-sdk/property-provider/3.110.0:
    resolution: {integrity: sha512-7NkpmYeOkK3mhWBNU+/zSDqwzeaSPH1qrq4L//WV7WS/weYyE/jusQeZoOxVsuZQnQEXHt5O2hKVeUwShl12xA==}
    engines: {node: '>= 12.0.0'}
    dependencies:
      '@aws-sdk/types': 3.110.0
      tslib: 2.4.0
    dev: false

  /@aws-sdk/protocol-http/3.110.0:
    resolution: {integrity: sha512-qdi2gCbJiyPyLn+afebPNp/5nVCRh1X7t7IRIFl3FHVEC+o54u/ojay/MLZ4M/+X9Fa4Zxsb0Wpp3T0xAHVDBg==}
    engines: {node: '>= 12.0.0'}
    dependencies:
      '@aws-sdk/types': 3.110.0
      tslib: 2.4.0
    dev: false

  /@aws-sdk/querystring-builder/3.110.0:
    resolution: {integrity: sha512-7V3CDXj519izmbBn9ZE68ymASwGriA+Aq+cb/yHSVtffnvXjPtvONNw7G/5iVblisGLSCUe2hSvpYtcaXozbHw==}
    engines: {node: '>= 12.0.0'}
    dependencies:
      '@aws-sdk/types': 3.110.0
      '@aws-sdk/util-uri-escape': 3.55.0
      tslib: 2.4.0
    dev: false

  /@aws-sdk/querystring-parser/3.110.0:
    resolution: {integrity: sha512-//pJHH7hrhdDMZGBPKXKymmC/tJM7gFT0w/qbu/yd3Wm4W2fMB+8gkmj6EZctx7jrsWlfRQuvFejKqEfapur/g==}
    engines: {node: '>= 12.0.0'}
    dependencies:
      '@aws-sdk/types': 3.110.0
      tslib: 2.4.0
    dev: false

  /@aws-sdk/s3-presigned-post/3.112.0:
    resolution: {integrity: sha512-X6Zr9GWD+qGCLOaE0W1fD9J00yNMdy662Fz+nzBWV2SOE7wGyLJSsdFTTSIU8dOZXF2GAKqiB4p4vbpZJvBDug==}
    engines: {node: '>= 12.0.0'}
    dependencies:
      '@aws-sdk/signature-v4': 3.110.0
      '@aws-sdk/types': 3.110.0
      '@aws-sdk/util-format-url': 3.110.0
      '@aws-sdk/util-hex-encoding': 3.109.0
      tslib: 2.4.0
    dev: false

  /@aws-sdk/s3-request-presigner/3.112.0:
    resolution: {integrity: sha512-Mnf4YD7gIzV4sMcNJ0vbzHpIHrsKMayW6H91De0Lab5VsG0e6h6BMIUfjEq5MQqHp5aO0jJF7A3kCJk4pnPWWA==}
    engines: {node: '>= 12.0.0'}
    dependencies:
      '@aws-sdk/middleware-sdk-s3': 3.110.0
      '@aws-sdk/protocol-http': 3.110.0
      '@aws-sdk/signature-v4-multi-region': 3.110.0
      '@aws-sdk/smithy-client': 3.110.0
      '@aws-sdk/types': 3.110.0
      '@aws-sdk/util-create-request': 3.110.0
      '@aws-sdk/util-format-url': 3.110.0
      tslib: 2.4.0
    transitivePeerDependencies:
      - '@aws-sdk/signature-v4-crt'
    dev: false

  /@aws-sdk/service-error-classification/3.110.0:
    resolution: {integrity: sha512-ccgCE0pU/4RmXR6CP3fLAdhPAve7bK/yXBbGzpSHGAQOXqNxYzOsAvQ30Jg6X+qjLHsI/HR2pLIE65z4k6tynw==}
    engines: {node: '>= 12.0.0'}
    dev: false

  /@aws-sdk/shared-ini-file-loader/3.110.0:
    resolution: {integrity: sha512-E1ERoqEoG206XNBYWCKLgHkzCbTxdpDEGbsLET2DnvjFsT0s9p2dPvVux3bYl7JVAhyGduE+qcqWk7MzhFCBNQ==}
    engines: {node: '>= 12.0.0'}
    dependencies:
      tslib: 2.4.0
    dev: false

  /@aws-sdk/signature-v4-multi-region/3.110.0:
    resolution: {integrity: sha512-D5nlq6em9fU9EMmpjQtLItr2d6MmfM9yofOaeNQcgY8wFJEOCc2ADccq8dCO0F4twakAvjuUIkBAWMBviiuC7Q==}
    engines: {node: '>= 12.0.0'}
    peerDependencies:
      '@aws-sdk/signature-v4-crt': ^3.79.0
    peerDependenciesMeta:
      '@aws-sdk/signature-v4-crt':
        optional: true
    dependencies:
      '@aws-sdk/protocol-http': 3.110.0
      '@aws-sdk/signature-v4': 3.110.0
      '@aws-sdk/types': 3.110.0
      '@aws-sdk/util-arn-parser': 3.55.0
      tslib: 2.4.0
    dev: false

  /@aws-sdk/signature-v4/3.110.0:
    resolution: {integrity: sha512-utxxdllOnmQDhbpipnFAbuQ4c2pwefZ+2hi48jKvQRULQ2PO4nxLmdZm6B0FXaTijbKsyO7GrMik+EZ6mi3ARQ==}
    engines: {node: '>= 12.0.0'}
    dependencies:
      '@aws-sdk/is-array-buffer': 3.55.0
      '@aws-sdk/types': 3.110.0
      '@aws-sdk/util-hex-encoding': 3.109.0
      '@aws-sdk/util-middleware': 3.110.0
      '@aws-sdk/util-uri-escape': 3.55.0
      tslib: 2.4.0
    dev: false

  /@aws-sdk/smithy-client/3.110.0:
    resolution: {integrity: sha512-gNLYrmdAe/1hVF2Nv2LF4OkL1A0a1o708pEMZHzql9xP164omRDaLrGDhz9tH7tsJEgLz+Bf4E8nTuISeDwvGg==}
    engines: {node: '>= 12.0.0'}
    dependencies:
      '@aws-sdk/middleware-stack': 3.110.0
      '@aws-sdk/types': 3.110.0
      tslib: 2.4.0
    dev: false

  /@aws-sdk/types/3.110.0:
    resolution: {integrity: sha512-dLVoqODU3laaqNFPyN1QLtlQnwX4gNPMXptEBIt/iJpuZf66IYJe6WCzVZGt4Zfa1CnUmrlA428AzdcA/KCr2A==}
    engines: {node: '>= 12.0.0'}
    dev: false

  /@aws-sdk/url-parser/3.110.0:
    resolution: {integrity: sha512-tILFB8/Q73yzgO0dErJNnELmmBszd0E6FucwAnG3hfDefjqCBe09Q/1yhu2aARXyRmZa4AKp0sWcdwIWHc8dnA==}
    dependencies:
      '@aws-sdk/querystring-parser': 3.110.0
      '@aws-sdk/types': 3.110.0
      tslib: 2.4.0
    dev: false

  /@aws-sdk/util-arn-parser/3.55.0:
    resolution: {integrity: sha512-76KJxp4MRWufHYWys7DFl64znr5yeJ3AIQNAPCKKw1sP0hzO7p6Kx0PaJnw9x+CPSzOrT4NbuApL6/srYhKDGg==}
    engines: {node: '>= 12.0.0'}
    dependencies:
      tslib: 2.4.0
    dev: false

  /@aws-sdk/util-base64-browser/3.109.0:
    resolution: {integrity: sha512-lAZ6fyDGiRLaIsKT9qh7P9FGuNyZ4gAbr1YOSQk/5mHtaTuUvxlPptZuInNM/0MPQm6lpcot00D8IWTucn4PbA==}
    dependencies:
      tslib: 2.4.0
    dev: false

  /@aws-sdk/util-base64-node/3.55.0:
    resolution: {integrity: sha512-UQ/ZuNoAc8CFMpSiRYmevaTsuRKzLwulZTnM8LNlIt9Wx1tpNvqp80cfvVj7yySKROtEi20wq29h31dZf1eYNQ==}
    engines: {node: '>= 12.0.0'}
    dependencies:
      '@aws-sdk/util-buffer-from': 3.55.0
      tslib: 2.4.0
    dev: false

  /@aws-sdk/util-body-length-browser/3.55.0:
    resolution: {integrity: sha512-Ei2OCzXQw5N6ZkTMZbamUzc1z+z1R1Ja5tMEagz5BxuX4vWdBObT+uGlSzL8yvTbjoPjnxWA2aXyEqaUP3JS8Q==}
    dependencies:
      tslib: 2.4.0
    dev: false

  /@aws-sdk/util-body-length-node/3.55.0:
    resolution: {integrity: sha512-lU1d4I+9wJwydduXs0SxSfd+mHKjxeyd39VwOv6i2KSwWkPbji9UQqpflKLKw+r45jL7+xU/zfeTUg5Tt/3Gew==}
    engines: {node: '>= 12.0.0'}
    dependencies:
      tslib: 2.4.0
    dev: false

  /@aws-sdk/util-buffer-from/3.55.0:
    resolution: {integrity: sha512-uVzKG1UgvnV7XX2FPTylBujYMKBPBaq/qFBxfl0LVNfrty7YjpfieQxAe6yRLD+T0Kir/WDQwGvYC+tOYG3IGA==}
    engines: {node: '>= 12.0.0'}
    dependencies:
      '@aws-sdk/is-array-buffer': 3.55.0
      tslib: 2.4.0
    dev: false

  /@aws-sdk/util-config-provider/3.109.0:
    resolution: {integrity: sha512-GrAZl/aBv0A28LkyNyq8SPJ5fmViCwz80fWLMeWx/6q5AbivuILogjlWwEZSvZ9zrlHOcFC0+AnCa5pQrjaslw==}
    engines: {node: '>= 12.0.0'}
    dependencies:
      tslib: 2.4.0
    dev: false

  /@aws-sdk/util-create-request/3.110.0:
    resolution: {integrity: sha512-8u+6WjzVNUdG4181y/zafIlGJ80qdSIKo09utlY7kvSZhYeufjkgMLhJtthb9uEEmXNn/UlKGJNRbGChjSL4Xw==}
    engines: {node: '>= 12.0.0'}
    dependencies:
      '@aws-sdk/middleware-stack': 3.110.0
      '@aws-sdk/smithy-client': 3.110.0
      '@aws-sdk/types': 3.110.0
      tslib: 2.4.0
    dev: false

  /@aws-sdk/util-defaults-mode-browser/3.110.0:
    resolution: {integrity: sha512-Y2dcOOD20S3bv/IjUqpdKIiDt6995SXNG5Pu/LeSdXNyLCOIm9rX4gHTxl9fC1KK5M/gR9fGJ362f67WwqEEqw==}
    engines: {node: '>= 10.0.0'}
    dependencies:
      '@aws-sdk/property-provider': 3.110.0
      '@aws-sdk/types': 3.110.0
      bowser: 2.11.0
      tslib: 2.4.0
    dev: false

  /@aws-sdk/util-defaults-mode-node/3.110.0:
    resolution: {integrity: sha512-Cr3Z5nyrw1KowjbW76xp8hkT/zJtYjAVZ9PS4l84KxIicbVvDOBpxG3yNddkuQcavmlH6G4wH9uM5DcnpKDncg==}
    engines: {node: '>= 10.0.0'}
    dependencies:
      '@aws-sdk/config-resolver': 3.110.0
      '@aws-sdk/credential-provider-imds': 3.110.0
      '@aws-sdk/node-config-provider': 3.110.0
      '@aws-sdk/property-provider': 3.110.0
      '@aws-sdk/types': 3.110.0
      tslib: 2.4.0
    dev: false

  /@aws-sdk/util-format-url/3.110.0:
    resolution: {integrity: sha512-NES/Kf92stj6bMl3WyaKFlA5yKbYlb357buoXKv51MnjcLL6NAgIWm0lMQv6UgzLVTxKdbw4BxErpSiKM+10Xg==}
    engines: {node: '>= 12.0.0'}
    dependencies:
      '@aws-sdk/querystring-builder': 3.110.0
      '@aws-sdk/types': 3.110.0
      tslib: 2.4.0
    dev: false

  /@aws-sdk/util-hex-encoding/3.109.0:
    resolution: {integrity: sha512-s8CgTNrn3cLkrdiohfxLuOYPCanzvHn/aH5RW6DaMoeQiG5Hl9QUiP/WtdQ9QQx3xvpQFpmvxIaSBwSgFNLQxA==}
    engines: {node: '>= 12.0.0'}
    dependencies:
      tslib: 2.4.0
    dev: false

  /@aws-sdk/util-locate-window/3.55.0:
    resolution: {integrity: sha512-0sPmK2JaJE2BbTcnvybzob/VrFKCXKfN4CUKcvn0yGg/me7Bz+vtzQRB3Xp+YSx+7OtWxzv63wsvHoAnXvgxgg==}
    engines: {node: '>= 12.0.0'}
    dependencies:
      tslib: 2.4.0
    dev: false

  /@aws-sdk/util-middleware/3.110.0:
    resolution: {integrity: sha512-PTVWrI5fA9d5hHJs6RzX2dIS2jRQ3uW073Fm0BePpQeDdZrEk+S5KNwRhUtpN6sdSV45vm6S9rrjZUG51qwGmA==}
    engines: {node: '>= 12.0.0'}
    dependencies:
      tslib: 2.4.0
    dev: false

  /@aws-sdk/util-stream-browser/3.110.0:
    resolution: {integrity: sha512-kAMrHtgrhr6ODRnzt/V+LSDVDvejcbdUp19n4My2vrPwKw3lM65vT+FAPIlGeDQBtOOhmlTbrYM3G3KKnlnHyg==}
    dependencies:
      '@aws-sdk/types': 3.110.0
      tslib: 2.4.0
    dev: false

  /@aws-sdk/util-stream-node/3.110.0:
    resolution: {integrity: sha512-jgkO7aLRpE3EUqU5XUdo0FmlyBVCFHKyHd/jdEN8h9+XMa44rl2QMdOSFQtwaNI4NC8J+OC66u2dQ+8QQnOLig==}
    engines: {node: '>= 12.0.0'}
    dependencies:
      '@aws-sdk/types': 3.110.0
      tslib: 2.4.0
    dev: false

  /@aws-sdk/util-uri-escape/3.55.0:
    resolution: {integrity: sha512-mmdDLUpFCN2nkfwlLdOM54lTD528GiGSPN1qb8XtGLgZsJUmg3uJSFIN2lPeSbEwJB3NFjVas/rnQC48i7mV8w==}
    engines: {node: '>= 12.0.0'}
    dependencies:
      tslib: 2.4.0
    dev: false

  /@aws-sdk/util-user-agent-browser/3.110.0:
    resolution: {integrity: sha512-rNdhmHDMV5dNJctqlBWimkZLJRB+x03DB+61pm+SKSFk6gPIVIvc1WNXqDFphkiswT4vA13ZUkGHzt+N4+noQQ==}
    dependencies:
      '@aws-sdk/types': 3.110.0
      bowser: 2.11.0
      tslib: 2.4.0
    dev: false

  /@aws-sdk/util-user-agent-node/3.110.0:
    resolution: {integrity: sha512-OQ915TPCCBwZWz5Np8zkNWn7U6KvrTZfFoCOy/VIemK3dUqmnBZ7HqGpuZx8SwJ2R9JE1x+j0niYSJ5fWJZZKA==}
    engines: {node: '>= 12.0.0'}
    dependencies:
      '@aws-sdk/node-config-provider': 3.110.0
      '@aws-sdk/types': 3.110.0
      tslib: 2.4.0
    dev: false

  /@aws-sdk/util-utf8-browser/3.109.0:
    resolution: {integrity: sha512-FmcGSz0v7Bqpl1SE8G1Gc0CtDpug+rvqNCG/szn86JApD/f5x8oByjbEiAyTU2ZH2VevUntx6EW68ulHyH+x+w==}
    dependencies:
      tslib: 2.4.0
    dev: false

  /@aws-sdk/util-utf8-node/3.109.0:
    resolution: {integrity: sha512-Ti/ZBdvz2eSTElsucjzNmzpyg2MwfD1rXmxD0hZuIF8bPON/0+sZYnWd5CbDw9kgmhy28dmKue086tbZ1G0iLQ==}
    engines: {node: '>= 12.0.0'}
    dependencies:
      '@aws-sdk/util-buffer-from': 3.55.0
      tslib: 2.4.0
    dev: false

  /@aws-sdk/util-waiter/3.110.0:
    resolution: {integrity: sha512-8dE6W6XYfjk1gx/aeb8NeLfMMLkLFhlV1lmKpFSBJhY8msajU8aQahTuykq5JW8QT/wCGbqbu7dH35SdX7kO+A==}
    engines: {node: '>= 12.0.0'}
    dependencies:
      '@aws-sdk/abort-controller': 3.110.0
      '@aws-sdk/types': 3.110.0
      tslib: 2.4.0
    dev: false

  /@aws-sdk/xml-builder/3.109.0:
    resolution: {integrity: sha512-+aAXynnrqya1Eukz4Gxch4xIXCZolIMWGD4Ll/Q5yXT5uAjGh2HQWd9J0LWE+gYChpWetZbAVYZ3cEJ6F+SpZA==}
    engines: {node: '>= 12.0.0'}
    dependencies:
      tslib: 2.4.0
    dev: false

  /@swc-node/core/1.9.1:
    resolution: {integrity: sha512-Mh4T/PmQOpPtqw1BNvU38uWzsXbd5RJji17YBXnj7JDDE5KlTR9sSo2RKxWKDVtHbdcD1S+CtyZXA93aEWlfGQ==}
    engines: {node: '>= 10'}
    peerDependencies:
      '@swc/core': '>= 1.3'
    dev: true

  /@swc-node/register/1.5.4_typescript@4.8.2:
    resolution: {integrity: sha512-cM5/A63bO6qLUFC4gcBnOlQO5yd8ObSdFUIp7sXf11Oq5mPVAnJy2DqjbWMUsqUaHuNk+lOIt76ie4DEseUIyA==}
    peerDependencies:
      '@swc/core': '>= 1.3'
      typescript: '>= 4.3'
    dependencies:
      '@swc-node/core': 1.9.1
      '@swc-node/sourcemap-support': 0.2.2
      colorette: 2.0.19
      debug: 4.3.4
      pirates: 4.0.5
      tslib: 2.4.0
      typescript: 4.8.2
    transitivePeerDependencies:
      - supports-color
    dev: true

  /@swc-node/sourcemap-support/0.2.2:
    resolution: {integrity: sha512-PA4p7nC5LwPdEVcQXFxMTpfvizYPeMoB55nIIx+yC3FiLnyPgC2hcpUitPy5h8RRGdCZ/Mvb2ryEcVYS8nI6YA==}
    dependencies:
      source-map-support: 0.5.21
      tslib: 2.4.0
    dev: true

  /@types/node/18.7.14:
    resolution: {integrity: sha512-6bbDaETVi8oyIARulOE9qF1/Qdi/23z6emrUh0fNJRUmjznqrixD4MpGDdgOFk5Xb0m2H6Xu42JGdvAxaJR/wA==}
    dev: true

  /bowser/2.11.0:
    resolution: {integrity: sha512-AlcaJBi/pqqJBIQ8U9Mcpc9i8Aqxn88Skv5d+xBX006BY5u8N3mGLHa5Lgppa7L/HfwgwLgZ6NYs+Ag6uUmJRA==}
    dev: false

  /buffer-from/1.1.2:
    resolution: {integrity: sha512-E+XQCRwSbaaiChtv6k6Dwgc+bx+Bs6vuKJHHl5kox/BaKbhiXzqQOwK4cO22yElGp2OCmjwVhT3HmxgyPGnJfQ==}
    dev: true

  /colorette/2.0.19:
    resolution: {integrity: sha512-3tlv/dIP7FWvj3BsbHrGLJ6l/oKh1O3TcgBqMn+yyCagOxc23fyzDS6HypQbgxWbkpDnf52p1LuR4eWDQ/K9WQ==}
    dev: true

  /debug/4.3.4:
    resolution: {integrity: sha512-PRWFHuSU3eDtQJPvnNY7Jcket1j0t5OuOsFzPPzsekD52Zl8qUfFIPEiswXqIvHWGVHOgX+7G/vCNNhehwxfkQ==}
    engines: {node: '>=6.0'}
    peerDependencies:
      supports-color: '*'
    peerDependenciesMeta:
      supports-color:
        optional: true
    dependencies:
      ms: 2.1.2
    dev: true

  /dotenv/16.0.1:
    resolution: {integrity: sha512-1K6hR6wtk2FviQ4kEiSjFiH5rpzEVi8WW0x96aztHVMhEspNpc4DVOUTEHtEva5VThQ8IaBX1Pe4gSzpVVUsKQ==}
    engines: {node: '>=12'}
    dev: false

  /entities/2.2.0:
    resolution: {integrity: sha512-p92if5Nz619I0w+akJrLZH0MX0Pb5DX39XOwQTtXSdQQOaYH03S1uIQp4mhOZtAXrxq4ViO67YTiLBo2638o9A==}
    dev: false

  /fast-xml-parser/3.19.0:
    resolution: {integrity: sha512-4pXwmBplsCPv8FOY1WRakF970TjNGnGnfbOnLqjlYvMiF1SR3yOHyxMR/YCXpPTOspNF5gwudqktIP4VsWkvBg==}
    hasBin: true
    dev: false

  /ms/2.1.2:
    resolution: {integrity: sha512-sGkPx+VjMtmA6MX27oA4FBFELFCZZ4S4XqeGOXCv68tT+jb3vk/RyaKWP0PTKyWtmLSM0b+adUTEvbs1PEaH2w==}
    dev: true

  /pirates/4.0.5:
    resolution: {integrity: sha512-8V9+HQPupnaXMA23c5hvl69zXvTwTzyAYasnkb0Tts4XvO4CliqONMOnvlq26rkhLC3nWDFBJf73LU1e1VZLaQ==}
    engines: {node: '>= 6'}
    dev: true

  /source-map-support/0.5.21:
    resolution: {integrity: sha512-uBHU3L3czsIyYXKX88fdrGovxdSCoTGDRZ6SYXtSRxLZUzHg5P/66Ht6uoUlHu9EZod+inXhKo3qQgwXUT/y1w==}
    dependencies:
      buffer-from: 1.1.2
      source-map: 0.6.1
    dev: true

  /source-map/0.6.1:
    resolution: {integrity: sha512-UjgapumWlbMhkBgzT7Ykc5YXUT46F0iKu8SGXq0bcwP5dz/h0Plj6enJqjz1Zbq2l5WaqYnrVbwWOWMyF3F47g==}
    engines: {node: '>=0.10.0'}
    dev: true

  /tslib/1.14.1:
    resolution: {integrity: sha512-Xni35NKzjgMrwevysHTCArtLDpPvye8zV/0E4EyYn43P7/7qvQwPh9BGkHewbMulVntbigmcT7rdX3BNo9wRJg==}
    dev: false

  /tslib/2.4.0:
    resolution: {integrity: sha512-d6xOpEDfsi2CZVlPQzGeux8XMwLT9hssAsaPYExaQMuYskwb+x1x7J371tWlbBdWHroy99KnVB6qIkUbs5X3UQ==}

  /typescript/4.8.2:
    resolution: {integrity: sha512-C0I1UsrrDHo2fYI5oaCGbSejwX4ch+9Y5jTQELvovfmFkK3HHSZJB8MSJcWLmCUBzQBchCrZ9rMRV6GuNrvGtw==}
    engines: {node: '>=4.2.0'}
    hasBin: true
    dev: true

  /uuid/8.3.2:
    resolution: {integrity: sha512-+NYs2QeMWy+GWFOEm9xnn6HCDp0l7QBD7ml8zLUmJ+93Q5NF0NocErnwkTkXVFNiX3/fpC6afS8Dhb/gz7R7eg==}
    hasBin: true
    dev: false

  /uuid/9.0.0:
    resolution: {integrity: sha512-MXcSTerfPa4uqyzStbRoTgt5XIe3x5+42+q1sDuy3R5MDk66URdLMOZe5aPX/SQd+kuYAh0FdP/pO28IkQyTeg==}
    hasBin: true
    dev: false
