version = 1
requires-python = ">=3.12"

[[package]]
name = "clip"
version = "1.0"
source = { git = "https://github.com/openai/CLIP#dcba3cb2e2827b402d2701e7e1c7d9fed8a20ef1" }
dependencies = [
    { name = "ftfy" },
    { name = "packaging" },
    { name = "regex" },
    { name = "torch" },
    { name = "torchvision" },
    { name = "tqdm" },
]

[[package]]
name = "colorama"
version = "0.4.6"
source = { registry = "https://download.pytorch.org/whl/cu124" }
wheels = [
    { url = "https://download.pytorch.org/whl/colorama-0.4.6-py2.py3-none-any.whl", hash = "sha256:4f1d9991f5acc0ca119f9d443620b77f9d6b33703e51011c16baf57afb285fc6" },
]

[[package]]
name = "filelock"
version = "3.13.1"
source = { registry = "https://download.pytorch.org/whl/cu124" }
wheels = [
    { url = "https://download.pytorch.org/whl/filelock-3.13.1-py3-none-any.whl", hash = "sha256:57dbda9b35157b05fb3e58ee91448612eb674172fab98ee235ccb0b5bee19a1c" },
]

[[package]]
name = "fsspec"
version = "2024.2.0"
source = { registry = "https://download.pytorch.org/whl/cu124" }
wheels = [
    { url = "https://download.pytorch.org/whl/fsspec-2024.2.0-py3-none-any.whl", hash = "sha256:817f969556fa5916bc682e02ca2045f96ff7f586d45110fcb76022063ad2c7d8" },
]

[[package]]
name = "ftfy"
version = "6.3.0"
source = { registry = "https://pypi.org/simple" }
dependencies = [
    { name = "wcwidth" },
]
sdist = { url = "https://files.pythonhosted.org/packages/85/c3/63753eca4c5257ce0561cb5f8e9cd0d45d97848c73c56e33a0a764319e5b/ftfy-6.3.0.tar.gz", hash = "sha256:1c7d6418e72b25a7760feb150acf574b86924dbb2e95b32c0b3abbd1ba3d7ad6", size = 362118 }
wheels = [
    { url = "https://files.pythonhosted.org/packages/76/0f/d8a8152e720cbcad890e56ee98639ff489f1992869b4cf304c3fa24d4bcc/ftfy-6.3.0-py3-none-any.whl", hash = "sha256:17aca296801f44142e3ff2c16f93fbf6a87609ebb3704a9a41dd5d4903396caf", size = 44778 },
]

[[package]]
name = "jinja2"
version = "3.1.3"
source = { registry = "https://download.pytorch.org/whl/cu124" }
dependencies = [
    { name = "markupsafe" },
]
wheels = [
    { url = "https://download.pytorch.org/whl/Jinja2-3.1.3-py3-none-any.whl", hash = "sha256:7d6d50dd97d52cbc355597bd845fabfbac3f551e1f99619e39a35ce8c370b5fa" },
]

[[package]]
name = "markupsafe"
version = "2.1.5"
source = { registry = "https://download.pytorch.org/whl/cu124" }
wheels = [
    { url = "https://download.pytorch.org/whl/MarkupSafe-2.1.5-cp312-cp312-macosx_10_9_universal2.whl", hash = "sha256:8dec4936e9c3100156f8a2dc89c4b88d5c435175ff03413b443469c7c8c5f4d1" },
    { url = "https://download.pytorch.org/whl/MarkupSafe-2.1.5-cp312-cp312-macosx_10_9_x86_64.whl", hash = "sha256:3c6b973f22eb18a789b1460b4b91bf04ae3f0c4234a0a6aa6b0a92f6f7b951d4" },
    { url = "https://download.pytorch.org/whl/MarkupSafe-2.1.5-cp312-cp312-manylinux_2_17_aarch64.manylinux2014_aarch64.whl", hash = "sha256:ac07bad82163452a6884fe8fa0963fb98c2346ba78d779ec06bd7a6262132aee" },
    { url = "https://download.pytorch.org/whl/MarkupSafe-2.1.5-cp312-cp312-manylinux_2_17_x86_64.manylinux2014_x86_64.whl", hash = "sha256:f5dfb42c4604dddc8e4305050aa6deb084540643ed5804d7455b5df8fe16f5e5" },
    { url = "https://download.pytorch.org/whl/MarkupSafe-2.1.5-cp312-cp312-manylinux_2_5_i686.manylinux1_i686.manylinux_2_17_i686.manylinux2014_i686.whl", hash = "sha256:ea3d8a3d18833cf4304cd2fc9cbb1efe188ca9b5efef2bdac7adc20594a0e46b" },
    { url = "https://download.pytorch.org/whl/MarkupSafe-2.1.5-cp312-cp312-win_amd64.whl", hash = "sha256:823b65d8706e32ad2df51ed89496147a42a2a6e01c13cfb6ffb8b1e92bc910bb" },
]

[[package]]
name = "mpmath"
version = "1.3.0"
source = { registry = "https://download.pytorch.org/whl/cu124" }
wheels = [
    { url = "https://download.pytorch.org/whl/mpmath-1.3.0-py3-none-any.whl", hash = "sha256:a0b2b9fe80bbcd81a6647ff13108738cfb482d481d826cc0e02f5b35e5c88d2c" },
]

[[package]]
name = "networkx"
version = "3.2.1"
source = { registry = "https://download.pytorch.org/whl/cu124" }
wheels = [
    { url = "https://download.pytorch.org/whl/networkx-3.2.1-py3-none-any.whl", hash = "sha256:f18c69adc97877c42332c170849c96cefa91881c99a7cb3e95b7c659ebdc1ec2" },
]

[[package]]
name = "numpy"
version = "1.26.3"
source = { registry = "https://download.pytorch.org/whl/cu124" }
wheels = [
    { url = "https://download.pytorch.org/whl/numpy-1.26.3-cp312-cp312-macosx_10_9_x86_64.whl", hash = "sha256:a7081fd19a6d573e1a05e600c82a1c421011db7935ed0d5c483e9dd96b99cf13" },
    { url = "https://download.pytorch.org/whl/numpy-1.26.3-cp312-cp312-macosx_11_0_arm64.whl", hash = "sha256:12c70ac274b32bc00c7f61b515126c9205323703abb99cd41836e8125ea0043e" },
    { url = "https://download.pytorch.org/whl/numpy-1.26.3-cp312-cp312-manylinux_2_17_aarch64.manylinux2014_aarch64.whl", hash = "sha256:7f784e13e598e9594750b2ef6729bcd5a47f6cfe4a12cca13def35e06d8163e3" },
    { url = "https://download.pytorch.org/whl/numpy-1.26.3-cp312-cp312-manylinux_2_17_x86_64.manylinux2014_x86_64.whl", hash = "sha256:5f24750ef94d56ce6e33e4019a8a4d68cfdb1ef661a52cdaee628a56d2437419" },
    { url = "https://download.pytorch.org/whl/numpy-1.26.3-cp312-cp312-win_amd64.whl", hash = "sha256:da4b0c6c699a0ad73c810736303f7fbae483bcb012e38d7eb06a5e3b432c981b" },
]

[[package]]
name = "nvidia-cublas-cu12"
version = "12.4.2.65"
source = { registry = "https://download.pytorch.org/whl/cu124" }
wheels = [
    { url = "https://download.pytorch.org/whl/cu124/nvidia_cublas_cu12-12.4.2.65-py3-none-manylinux2014_x86_64.whl", hash = "sha256:14c9ae3f7711225a4f9f8f46481947a30329f92b7533ae90f8ff22c61ae54a87" },
]

[[package]]
name = "nvidia-cuda-cupti-cu12"
version = "12.4.99"
source = { registry = "https://download.pytorch.org/whl/cu124" }
wheels = [
    { url = "https://download.pytorch.org/whl/cu124/nvidia_cuda_cupti_cu12-12.4.99-py3-none-manylinux2014_x86_64.whl", hash = "sha256:f3bb2e216f9ca073d11c2e087f59676bd315d84f6fc27d01a8609f6ead957e18" },
]

[[package]]
name = "nvidia-cuda-nvrtc-cu12"
version = "12.4.99"
source = { registry = "https://download.pytorch.org/whl/cu124" }
wheels = [
    { url = "https://download.pytorch.org/whl/cu124/nvidia_cuda_nvrtc_cu12-12.4.99-py3-none-manylinux2014_x86_64.whl", hash = "sha256:0f488eb03e10bd1551bae75bdc1ca8771218889a0b9746a00c97e5a2ec8bbd3e" },
]

[[package]]
name = "nvidia-cuda-runtime-cu12"
version = "12.4.99"
source = { registry = "https://download.pytorch.org/whl/cu124" }
wheels = [
    { url = "https://download.pytorch.org/whl/cu124/nvidia_cuda_runtime_cu12-12.4.99-py3-none-manylinux2014_x86_64.whl", hash = "sha256:1454a7c101976d3a9ade86040d01c4e57e8f6396c35b13f7a42c787dab145bed" },
]

[[package]]
name = "nvidia-cudnn-cu12"
version = "9.1.0.70"
source = { registry = "https://download.pytorch.org/whl/cu124" }
dependencies = [
    { name = "nvidia-cublas-cu12" },
]
wheels = [
    { url = "https://download.pytorch.org/whl/cu124/nvidia_cudnn_cu12-9.1.0.70-py3-none-manylinux2014_x86_64.whl", hash = "sha256:165764f44ef8c61fcdfdfdbe769d687e06374059fbb388b6c89ecb0e28793a6f" },
]

[[package]]
name = "nvidia-cufft-cu12"
version = "11.2.0.44"
source = { registry = "https://download.pytorch.org/whl/cu124" }
wheels = [
    { url = "https://download.pytorch.org/whl/cu124/nvidia_cufft_cu12-11.2.0.44-py3-none-manylinux2014_x86_64.whl", hash = "sha256:daece17ff16751d7fa9fa1e60b80ec9a0425c3cb6b238107c7222114fab3e6f1" },
]

[[package]]
name = "nvidia-curand-cu12"
version = "10.3.5.119"
source = { registry = "https://download.pytorch.org/whl/cu124" }
wheels = [
    { url = "https://download.pytorch.org/whl/cu124/nvidia_curand_cu12-10.3.5.119-py3-none-manylinux2014_x86_64.whl", hash = "sha256:9e7ad2425cb1a787a595c6ad23cb9437bf8cff99b6570b7c16d42c61ba427504" },
]

[[package]]
name = "nvidia-cusolver-cu12"
version = "11.6.0.99"
source = { registry = "https://download.pytorch.org/whl/cu124" }
dependencies = [
    { name = "nvidia-cublas-cu12" },
    { name = "nvidia-cusparse-cu12" },
    { name = "nvidia-nvjitlink-cu12" },
]
wheels = [
    { url = "https://download.pytorch.org/whl/cu124/nvidia_cusolver_cu12-11.6.0.99-py3-none-manylinux2014_x86_64.whl", hash = "sha256:30693d3865ae3f5a6aacf46e42549fb2d1fbb15b0189bc14fc0b2894e173769f" },
]

[[package]]
name = "nvidia-cusparse-cu12"
version = "12.3.0.142"
source = { registry = "https://download.pytorch.org/whl/cu124" }
dependencies = [
    { name = "nvidia-nvjitlink-cu12" },
]
wheels = [
    { url = "https://download.pytorch.org/whl/cu124/nvidia_cusparse_cu12-12.3.0.142-py3-none-manylinux2014_x86_64.whl", hash = "sha256:364106d1d9825901dc70fb7d19ef6fdd0f534627b824abfea494abe319c1402a" },
]

[[package]]
name = "nvidia-nccl-cu12"
version = "2.20.5"
source = { registry = "https://download.pytorch.org/whl/cu124" }
wheels = [
    { url = "https://download.pytorch.org/whl/cu124/nvidia_nccl_cu12-2.20.5-py3-none-manylinux2014_x86_64.whl", hash = "sha256:057f6bf9685f75215d0c53bf3ac4a10b3e6578351de307abad9e18a99182af56" },
]

[[package]]
name = "nvidia-nvjitlink-cu12"
version = "12.4.99"
source = { registry = "https://download.pytorch.org/whl/cu124" }
wheels = [
    { url = "https://download.pytorch.org/whl/cu124/nvidia_nvjitlink_cu12-12.4.99-py3-none-manylinux2014_x86_64.whl", hash = "sha256:c6428836d20fe7e327191c175791d38570e10762edc588fb46749217cd444c74" },
]

[[package]]
name = "nvidia-nvtx-cu12"
version = "12.4.99"
source = { registry = "https://download.pytorch.org/whl/cu124" }
wheels = [
    { url = "https://download.pytorch.org/whl/cu124/nvidia_nvtx_cu12-12.4.99-py3-none-manylinux2014_x86_64.whl", hash = "sha256:d2a2d331e0c233b53f72c6940814d492177a3c17d268bde278cf41bdda95b054" },
]

[[package]]
name = "packaging"
version = "24.1"
source = { registry = "https://download.pytorch.org/whl/cu124" }
wheels = [
    { url = "https://download.pytorch.org/whl/packaging-24.1-py3-none-any.whl" },
]

[[package]]
name = "pillow"
version = "10.2.0"
source = { registry = "https://download.pytorch.org/whl/cu124" }
wheels = [
    { url = "https://download.pytorch.org/whl/pillow-10.2.0-cp312-cp312-macosx_10_10_x86_64.whl", hash = "sha256:1b5e1b74d1bd1b78bc3477528919414874748dd363e6272efd5abf7654e68bef" },
    { url = "https://download.pytorch.org/whl/pillow-10.2.0-cp312-cp312-macosx_11_0_arm64.whl", hash = "sha256:0eae2073305f451d8ecacb5474997c08569fb4eb4ac231ffa4ad7d342fdc25ac" },
    { url = "https://download.pytorch.org/whl/pillow-10.2.0-cp312-cp312-manylinux_2_17_aarch64.manylinux2014_aarch64.whl", hash = "sha256:b7c2286c23cd350b80d2fc9d424fc797575fb16f854b831d16fd47ceec078f2c" },
    { url = "https://download.pytorch.org/whl/pillow-10.2.0-cp312-cp312-manylinux_2_17_x86_64.manylinux2014_x86_64.whl", hash = "sha256:1e23412b5c41e58cec602f1135c57dfcf15482013ce6e5f093a86db69646a5aa" },
    { url = "https://download.pytorch.org/whl/pillow-10.2.0-cp312-cp312-manylinux_2_28_aarch64.whl", hash = "sha256:52a50aa3fb3acb9cf7213573ef55d31d6eca37f5709c69e6858fe3bc04a5c2a2" },
    { url = "https://download.pytorch.org/whl/pillow-10.2.0-cp312-cp312-manylinux_2_28_x86_64.whl", hash = "sha256:127cee571038f252a552760076407f9cff79761c3d436a12af6000cd182a9d04" },
    { url = "https://download.pytorch.org/whl/pillow-10.2.0-cp312-cp312-win_amd64.whl", hash = "sha256:154e939c5f0053a383de4fd3d3da48d9427a7e985f58af8e94d0b3c9fcfcf4f9" },
    { url = "https://download.pytorch.org/whl/pillow-10.2.0-cp312-cp312-win_arm64.whl", hash = "sha256:f379abd2f1e3dddb2b61bc67977a6b5a0a3f7485538bcc6f39ec76163891ee48" },
]

[[package]]
name = "python-dotenv"
version = "1.0.1"
source = { registry = "https://pypi.org/simple" }
sdist = { url = "https://files.pythonhosted.org/packages/bc/57/e84d88dfe0aec03b7a2d4327012c1627ab5f03652216c63d49846d7a6c58/python-dotenv-1.0.1.tar.gz", hash = "sha256:e324ee90a023d808f1959c46bcbc04446a10ced277783dc6ee09987c37ec10ca", size = 39115 }
wheels = [
    { url = "https://files.pythonhosted.org/packages/6a/3e/b68c118422ec867fa7ab88444e1274aa40681c606d59ac27de5a5588f082/python_dotenv-1.0.1-py3-none-any.whl", hash = "sha256:f7b63ef50f1b690dddf550d03497b66d609393b40b564ed0d674909a68ebf16a", size = 19863 },
]

[[package]]
name = "regex"
version = "2024.9.11"
source = { registry = "https://pypi.org/simple" }
sdist = { url = "https://files.pythonhosted.org/packages/f9/38/148df33b4dbca3bd069b963acab5e0fa1a9dbd6820f8c322d0dd6faeff96/regex-2024.9.11.tar.gz", hash = "sha256:6c188c307e8433bcb63dc1915022deb553b4203a70722fc542c363bf120a01fd", size = 399403 }
wheels = [
    { url = "https://files.pythonhosted.org/packages/6e/92/407531450762bed778eedbde04407f68cbd75d13cee96c6f8d6903d9c6c1/regex-2024.9.11-cp312-cp312-macosx_10_9_universal2.whl", hash = "sha256:b0d0a6c64fcc4ef9c69bd5b3b3626cc3776520a1637d8abaa62b9edc147a58f7", size = 483590 },
    { url = "https://files.pythonhosted.org/packages/8e/a2/048acbc5ae1f615adc6cba36cc45734e679b5f1e4e58c3c77f0ed611d4e2/regex-2024.9.11-cp312-cp312-macosx_10_9_x86_64.whl", hash = "sha256:49b0e06786ea663f933f3710a51e9385ce0cba0ea56b67107fd841a55d56a231", size = 288175 },
    { url = "https://files.pythonhosted.org/packages/8a/ea/909d8620329ab710dfaf7b4adee41242ab7c9b95ea8d838e9bfe76244259/regex-2024.9.11-cp312-cp312-macosx_11_0_arm64.whl", hash = "sha256:5b513b6997a0b2f10e4fd3a1313568e373926e8c252bd76c960f96fd039cd28d", size = 284749 },
    { url = "https://files.pythonhosted.org/packages/ca/fa/521eb683b916389b4975337873e66954e0f6d8f91bd5774164a57b503185/regex-2024.9.11-cp312-cp312-manylinux_2_17_aarch64.manylinux2014_aarch64.whl", hash = "sha256:ee439691d8c23e76f9802c42a95cfeebf9d47cf4ffd06f18489122dbb0a7ad64", size = 795181 },
    { url = "https://files.pythonhosted.org/packages/28/db/63047feddc3280cc242f9c74f7aeddc6ee662b1835f00046f57d5630c827/regex-2024.9.11-cp312-cp312-manylinux_2_17_ppc64le.manylinux2014_ppc64le.whl", hash = "sha256:a8f877c89719d759e52783f7fe6e1c67121076b87b40542966c02de5503ace42", size = 835842 },
    { url = "https://files.pythonhosted.org/packages/e3/94/86adc259ff8ec26edf35fcca7e334566c1805c7493b192cb09679f9c3dee/regex-2024.9.11-cp312-cp312-manylinux_2_17_s390x.manylinux2014_s390x.whl", hash = "sha256:23b30c62d0f16827f2ae9f2bb87619bc4fba2044911e2e6c2eb1af0161cdb766", size = 823533 },
    { url = "https://files.pythonhosted.org/packages/29/52/84662b6636061277cb857f658518aa7db6672bc6d1a3f503ccd5aefc581e/regex-2024.9.11-cp312-cp312-manylinux_2_17_x86_64.manylinux2014_x86_64.whl", hash = "sha256:85ab7824093d8f10d44330fe1e6493f756f252d145323dd17ab6b48733ff6c0a", size = 797037 },
    { url = "https://files.pythonhosted.org/packages/c3/2a/cd4675dd987e4a7505f0364a958bc41f3b84942de9efaad0ef9a2646681c/regex-2024.9.11-cp312-cp312-manylinux_2_5_i686.manylinux1_i686.manylinux_2_17_i686.manylinux2014_i686.whl", hash = "sha256:8dee5b4810a89447151999428fe096977346cf2f29f4d5e29609d2e19e0199c9", size = 784106 },
    { url = "https://files.pythonhosted.org/packages/6f/75/3ea7ec29de0bbf42f21f812f48781d41e627d57a634f3f23947c9a46e303/regex-2024.9.11-cp312-cp312-musllinux_1_2_aarch64.whl", hash = "sha256:98eeee2f2e63edae2181c886d7911ce502e1292794f4c5ee71e60e23e8d26b5d", size = 782468 },
    { url = "https://files.pythonhosted.org/packages/d3/67/15519d69b52c252b270e679cb578e22e0c02b8dd4e361f2b04efcc7f2335/regex-2024.9.11-cp312-cp312-musllinux_1_2_i686.whl", hash = "sha256:57fdd2e0b2694ce6fc2e5ccf189789c3e2962916fb38779d3e3521ff8fe7a822", size = 790324 },
    { url = "https://files.pythonhosted.org/packages/9c/71/eff77d3fe7ba08ab0672920059ec30d63fa7e41aa0fb61c562726e9bd721/regex-2024.9.11-cp312-cp312-musllinux_1_2_ppc64le.whl", hash = "sha256:d552c78411f60b1fdaafd117a1fca2f02e562e309223b9d44b7de8be451ec5e0", size = 860214 },
    { url = "https://files.pythonhosted.org/packages/81/11/e1bdf84a72372e56f1ea4b833dd583b822a23138a616ace7ab57a0e11556/regex-2024.9.11-cp312-cp312-musllinux_1_2_s390x.whl", hash = "sha256:a0b2b80321c2ed3fcf0385ec9e51a12253c50f146fddb2abbb10f033fe3d049a", size = 859420 },
    { url = "https://files.pythonhosted.org/packages/ea/75/9753e9dcebfa7c3645563ef5c8a58f3a47e799c872165f37c55737dadd3e/regex-2024.9.11-cp312-cp312-musllinux_1_2_x86_64.whl", hash = "sha256:18406efb2f5a0e57e3a5881cd9354c1512d3bb4f5c45d96d110a66114d84d23a", size = 787333 },
    { url = "https://files.pythonhosted.org/packages/bc/4e/ba1cbca93141f7416624b3ae63573e785d4bc1834c8be44a8f0747919eca/regex-2024.9.11-cp312-cp312-win32.whl", hash = "sha256:e464b467f1588e2c42d26814231edecbcfe77f5ac414d92cbf4e7b55b2c2a776", size = 262058 },
    { url = "https://files.pythonhosted.org/packages/6e/16/efc5f194778bf43e5888209e5cec4b258005d37c613b67ae137df3b89c53/regex-2024.9.11-cp312-cp312-win_amd64.whl", hash = "sha256:9e8719792ca63c6b8340380352c24dcb8cd7ec49dae36e963742a275dfae6009", size = 273526 },
    { url = "https://files.pythonhosted.org/packages/93/0a/d1c6b9af1ff1e36832fe38d74d5c5bab913f2bdcbbd6bc0e7f3ce8b2f577/regex-2024.9.11-cp313-cp313-macosx_10_13_universal2.whl", hash = "sha256:c157bb447303070f256e084668b702073db99bbb61d44f85d811025fcf38f784", size = 483376 },
    { url = "https://files.pythonhosted.org/packages/a4/42/5910a050c105d7f750a72dcb49c30220c3ae4e2654e54aaaa0e9bc0584cb/regex-2024.9.11-cp313-cp313-macosx_10_13_x86_64.whl", hash = "sha256:4db21ece84dfeefc5d8a3863f101995de646c6cb0536952c321a2650aa202c36", size = 288112 },
    { url = "https://files.pythonhosted.org/packages/8d/56/0c262aff0e9224fa7ffce47b5458d373f4d3e3ff84e99b5ff0cb15e0b5b2/regex-2024.9.11-cp313-cp313-macosx_11_0_arm64.whl", hash = "sha256:220e92a30b426daf23bb67a7962900ed4613589bab80382be09b48896d211e92", size = 284608 },
    { url = "https://files.pythonhosted.org/packages/b9/54/9fe8f9aec5007bbbbce28ba3d2e3eaca425f95387b7d1e84f0d137d25237/regex-2024.9.11-cp313-cp313-manylinux_2_17_aarch64.manylinux2014_aarch64.whl", hash = "sha256:eb1ae19e64c14c7ec1995f40bd932448713d3c73509e82d8cd7744dc00e29e86", size = 795337 },
    { url = "https://files.pythonhosted.org/packages/b2/e7/6b2f642c3cded271c4f16cc4daa7231be544d30fe2b168e0223724b49a61/regex-2024.9.11-cp313-cp313-manylinux_2_17_ppc64le.manylinux2014_ppc64le.whl", hash = "sha256:f47cd43a5bfa48f86925fe26fbdd0a488ff15b62468abb5d2a1e092a4fb10e85", size = 835848 },
    { url = "https://files.pythonhosted.org/packages/cd/9e/187363bdf5d8c0e4662117b92aa32bf52f8f09620ae93abc7537d96d3311/regex-2024.9.11-cp313-cp313-manylinux_2_17_s390x.manylinux2014_s390x.whl", hash = "sha256:9d4a76b96f398697fe01117093613166e6aa8195d63f1b4ec3f21ab637632963", size = 823503 },
    { url = "https://files.pythonhosted.org/packages/f8/10/601303b8ee93589f879664b0cfd3127949ff32b17f9b6c490fb201106c4d/regex-2024.9.11-cp313-cp313-manylinux_2_17_x86_64.manylinux2014_x86_64.whl", hash = "sha256:0ea51dcc0835eea2ea31d66456210a4e01a076d820e9039b04ae8d17ac11dee6", size = 797049 },
    { url = "https://files.pythonhosted.org/packages/ef/1c/ea200f61ce9f341763f2717ab4daebe4422d83e9fd4ac5e33435fd3a148d/regex-2024.9.11-cp313-cp313-manylinux_2_5_i686.manylinux1_i686.manylinux_2_17_i686.manylinux2014_i686.whl", hash = "sha256:b7aaa315101c6567a9a45d2839322c51c8d6e81f67683d529512f5bcfb99c802", size = 784144 },
    { url = "https://files.pythonhosted.org/packages/d8/5c/d2429be49ef3292def7688401d3deb11702c13dcaecdc71d2b407421275b/regex-2024.9.11-cp313-cp313-musllinux_1_2_aarch64.whl", hash = "sha256:c57d08ad67aba97af57a7263c2d9006d5c404d721c5f7542f077f109ec2a4a29", size = 782483 },
    { url = "https://files.pythonhosted.org/packages/12/d9/cbc30f2ff7164f3b26a7760f87c54bf8b2faed286f60efd80350a51c5b99/regex-2024.9.11-cp313-cp313-musllinux_1_2_i686.whl", hash = "sha256:f8404bf61298bb6f8224bb9176c1424548ee1181130818fcd2cbffddc768bed8", size = 790320 },
    { url = "https://files.pythonhosted.org/packages/19/1d/43ed03a236313639da5a45e61bc553c8d41e925bcf29b0f8ecff0c2c3f25/regex-2024.9.11-cp313-cp313-musllinux_1_2_ppc64le.whl", hash = "sha256:dd4490a33eb909ef5078ab20f5f000087afa2a4daa27b4c072ccb3cb3050ad84", size = 860435 },
    { url = "https://files.pythonhosted.org/packages/34/4f/5d04da61c7c56e785058a46349f7285ae3ebc0726c6ea7c5c70600a52233/regex-2024.9.11-cp313-cp313-musllinux_1_2_s390x.whl", hash = "sha256:eee9130eaad130649fd73e5cd92f60e55708952260ede70da64de420cdcad554", size = 859571 },
    { url = "https://files.pythonhosted.org/packages/12/7f/8398c8155a3c70703a8e91c29532558186558e1aea44144b382faa2a6f7a/regex-2024.9.11-cp313-cp313-musllinux_1_2_x86_64.whl", hash = "sha256:6a2644a93da36c784e546de579ec1806bfd2763ef47babc1b03d765fe560c9f8", size = 787398 },
    { url = "https://files.pythonhosted.org/packages/58/3a/f5903977647a9a7e46d5535e9e96c194304aeeca7501240509bde2f9e17f/regex-2024.9.11-cp313-cp313-win32.whl", hash = "sha256:e997fd30430c57138adc06bba4c7c2968fb13d101e57dd5bb9355bf8ce3fa7e8", size = 262035 },
    { url = "https://files.pythonhosted.org/packages/ff/80/51ba3a4b7482f6011095b3a036e07374f64de180b7d870b704ed22509002/regex-2024.9.11-cp313-cp313-win_amd64.whl", hash = "sha256:042c55879cfeb21a8adacc84ea347721d3d83a159da6acdf1116859e2427c43f", size = 273510 },
]

[[package]]
name = "safetensors"
version = "0.4.5"
source = { registry = "https://pypi.org/simple" }
sdist = { url = "https://files.pythonhosted.org/packages/cb/46/a1c56ed856c6ac3b1a8b37abe5be0cac53219367af1331e721b04d122577/safetensors-0.4.5.tar.gz", hash = "sha256:d73de19682deabb02524b3d5d1f8b3aaba94c72f1bbfc7911b9b9d5d391c0310", size = 65702 }
wheels = [
    { url = "https://files.pythonhosted.org/packages/bf/ac/5a63082f931e99200db95fd46fb6734f050bb6e96bf02521904c6518b7aa/safetensors-0.4.5-cp312-cp312-macosx_10_12_x86_64.whl", hash = "sha256:473300314e026bd1043cef391bb16a8689453363381561b8a3e443870937cc1e", size = 392015 },
    { url = "https://files.pythonhosted.org/packages/73/95/ab32aa6e9bdc832ff87784cdf9da26192b93de3ef82b8d1ada8f345c5044/safetensors-0.4.5-cp312-cp312-macosx_11_0_arm64.whl", hash = "sha256:801183a0f76dc647f51a2d9141ad341f9665602a7899a693207a82fb102cc53e", size = 381774 },
    { url = "https://files.pythonhosted.org/packages/d6/6c/7e04b7626809fc63f3698f4c50e43aff2864b40089aa4506c918a75b8eed/safetensors-0.4.5-cp312-cp312-manylinux_2_17_aarch64.manylinux2014_aarch64.whl", hash = "sha256:1524b54246e422ad6fb6aea1ac71edeeb77666efa67230e1faf6999df9b2e27f", size = 441134 },
    { url = "https://files.pythonhosted.org/packages/58/2b/ffe7c86a277e6c1595fbdf415cfe2903f253f574a5405e93fda8baaa582c/safetensors-0.4.5-cp312-cp312-manylinux_2_17_armv7l.manylinux2014_armv7l.whl", hash = "sha256:b3139098e3e8b2ad7afbca96d30ad29157b50c90861084e69fcb80dec7430461", size = 438467 },
    { url = "https://files.pythonhosted.org/packages/67/9c/f271bd804e08c7fda954d17b70ff281228a88077337a9e70feace4f4cc93/safetensors-0.4.5-cp312-cp312-manylinux_2_17_ppc64le.manylinux2014_ppc64le.whl", hash = "sha256:65573dc35be9059770808e276b017256fa30058802c29e1038eb1c00028502ea", size = 476566 },
    { url = "https://files.pythonhosted.org/packages/4c/ad/4cf76a3e430a8a26108407fa6cb93e6f80d996a5cb75d9540c8fe3862990/safetensors-0.4.5-cp312-cp312-manylinux_2_17_s390x.manylinux2014_s390x.whl", hash = "sha256:fd33da8e9407559f8779c82a0448e2133737f922d71f884da27184549416bfed", size = 492253 },
    { url = "https://files.pythonhosted.org/packages/d9/40/a6f75ea449a9647423ec8b6f72c16998d35aa4b43cb38536ac060c5c7bf5/safetensors-0.4.5-cp312-cp312-manylinux_2_17_x86_64.manylinux2014_x86_64.whl", hash = "sha256:3685ce7ed036f916316b567152482b7e959dc754fcc4a8342333d222e05f407c", size = 434769 },
    { url = "https://files.pythonhosted.org/packages/52/47/d4b49b1231abf3131f7bb0bc60ebb94b27ee33e0a1f9569da05f8ac65dee/safetensors-0.4.5-cp312-cp312-manylinux_2_5_i686.manylinux1_i686.whl", hash = "sha256:dde2bf390d25f67908278d6f5d59e46211ef98e44108727084d4637ee70ab4f1", size = 457166 },
    { url = "https://files.pythonhosted.org/packages/c3/cd/006468b03b0fa42ff82d795d47c4193e99001e96c3f08bd62ef1b5cab586/safetensors-0.4.5-cp312-cp312-musllinux_1_1_aarch64.whl", hash = "sha256:7469d70d3de970b1698d47c11ebbf296a308702cbaae7fcb993944751cf985f4", size = 619280 },
    { url = "https://files.pythonhosted.org/packages/22/4d/b6208d918e83daa84b424c0ac3191ae61b44b3191613a3a5a7b38f94b8ad/safetensors-0.4.5-cp312-cp312-musllinux_1_1_x86_64.whl", hash = "sha256:3a6ba28118636a130ccbb968bc33d4684c48678695dba2590169d5ab03a45646", size = 605390 },
    { url = "https://files.pythonhosted.org/packages/e8/20/bf0e01825dc01ed75538021a98b9a046e60ead63c6c6700764c821a8c873/safetensors-0.4.5-cp312-none-win32.whl", hash = "sha256:c859c7ed90b0047f58ee27751c8e56951452ed36a67afee1b0a87847d065eec6", size = 273250 },
    { url = "https://files.pythonhosted.org/packages/f1/5f/ab6b6cec85b40789801f35b7d2fb579ae242d8193929974a106d5ff5c835/safetensors-0.4.5-cp312-none-win_amd64.whl", hash = "sha256:b5a8810ad6a6f933fff6c276eae92c1da217b39b4d8b1bc1c0b8af2d270dc532", size = 286307 },
    { url = "https://files.pythonhosted.org/packages/90/61/0e27b1403e311cba0be20026bee4ee822d90eda7dad372179e7f18bb99f3/safetensors-0.4.5-cp313-cp313-macosx_10_12_x86_64.whl", hash = "sha256:25e5f8e2e92a74f05b4ca55686234c32aac19927903792b30ee6d7bd5653d54e", size = 392062 },
    { url = "https://files.pythonhosted.org/packages/b1/9f/cc31fafc9f5d79da10a83a820ca37f069bab0717895ad8cbcacf629dd1c5/safetensors-0.4.5-cp313-cp313-macosx_11_0_arm64.whl", hash = "sha256:81efb124b58af39fcd684254c645e35692fea81c51627259cdf6d67ff4458916", size = 382517 },
    { url = "https://files.pythonhosted.org/packages/a4/c7/4fda8a0ebb96662550433378f4a74c677fa5fc4d0a43a7ec287d1df254a9/safetensors-0.4.5-cp313-cp313-manylinux_2_17_aarch64.manylinux2014_aarch64.whl", hash = "sha256:585f1703a518b437f5103aa9cf70e9bd437cb78eea9c51024329e4fb8a3e3679", size = 441378 },
    { url = "https://files.pythonhosted.org/packages/14/31/9abb431f6209de9c80dab83e1112ebd769f1e32e7ab7ab228a02424a4693/safetensors-0.4.5-cp313-cp313-manylinux_2_17_armv7l.manylinux2014_armv7l.whl", hash = "sha256:4b99fbf72e3faf0b2f5f16e5e3458b93b7d0a83984fe8d5364c60aa169f2da89", size = 438831 },
    { url = "https://files.pythonhosted.org/packages/37/37/99bfb195578a808b8d045159ee9264f8da58d017ac0701853dcacda14d4e/safetensors-0.4.5-cp313-cp313-manylinux_2_17_ppc64le.manylinux2014_ppc64le.whl", hash = "sha256:b17b299ca9966ca983ecda1c0791a3f07f9ca6ab5ded8ef3d283fff45f6bcd5f", size = 477112 },
    { url = "https://files.pythonhosted.org/packages/7d/05/fac3ef107e60d2a78532bed171a91669d4bb259e1236f5ea8c67a6976c75/safetensors-0.4.5-cp313-cp313-manylinux_2_17_s390x.manylinux2014_s390x.whl", hash = "sha256:76ded72f69209c9780fdb23ea89e56d35c54ae6abcdec67ccb22af8e696e449a", size = 493373 },
    { url = "https://files.pythonhosted.org/packages/cf/7a/825800ee8c68214b4fd3506d5e19209338c69b41e01c6e14dd13969cc8b9/safetensors-0.4.5-cp313-cp313-manylinux_2_17_x86_64.manylinux2014_x86_64.whl", hash = "sha256:2783956926303dcfeb1de91a4d1204cd4089ab441e622e7caee0642281109db3", size = 435422 },
    { url = "https://files.pythonhosted.org/packages/5e/6c/7a3233c08bde558d6c33a41219119866cb596139a4673cc6c24024710ffd/safetensors-0.4.5-cp313-cp313-manylinux_2_5_i686.manylinux1_i686.whl", hash = "sha256:d94581aab8c6b204def4d7320f07534d6ee34cd4855688004a4354e63b639a35", size = 457382 },
    { url = "https://files.pythonhosted.org/packages/a0/58/0b7bcba3788ff503990cf9278d611b56c029400612ba93e772c987b5aa03/safetensors-0.4.5-cp313-cp313-musllinux_1_1_aarch64.whl", hash = "sha256:67e1e7cb8678bb1b37ac48ec0df04faf689e2f4e9e81e566b5c63d9f23748523", size = 619301 },
    { url = "https://files.pythonhosted.org/packages/82/cc/9c2cf58611daf1c83ce5d37f9de66353e23fcda36008b13fd3409a760aa3/safetensors-0.4.5-cp313-cp313-musllinux_1_1_x86_64.whl", hash = "sha256:dbd280b07e6054ea68b0cb4b16ad9703e7d63cd6890f577cb98acc5354780142", size = 605580 },
]

[[package]]
name = "scipy"
version = "1.14.1"
source = { registry = "https://pypi.org/simple" }
dependencies = [
    { name = "numpy" },
]
sdist = { url = "https://files.pythonhosted.org/packages/62/11/4d44a1f274e002784e4dbdb81e0ea96d2de2d1045b2132d5af62cc31fd28/scipy-1.14.1.tar.gz", hash = "sha256:5a275584e726026a5699459aa72f828a610821006228e841b94275c4a7c08417", size = 58620554 }
wheels = [
    { url = "https://files.pythonhosted.org/packages/c0/04/2bdacc8ac6387b15db6faa40295f8bd25eccf33f1f13e68a72dc3c60a99e/scipy-1.14.1-cp312-cp312-macosx_10_13_x86_64.whl", hash = "sha256:631f07b3734d34aced009aaf6fedfd0eb3498a97e581c3b1e5f14a04164a456d", size = 39128781 },
    { url = "https://files.pythonhosted.org/packages/c8/53/35b4d41f5fd42f5781dbd0dd6c05d35ba8aa75c84ecddc7d44756cd8da2e/scipy-1.14.1-cp312-cp312-macosx_12_0_arm64.whl", hash = "sha256:af29a935803cc707ab2ed7791c44288a682f9c8107bc00f0eccc4f92c08d6e07", size = 29939542 },
    { url = "https://files.pythonhosted.org/packages/66/67/6ef192e0e4d77b20cc33a01e743b00bc9e68fb83b88e06e636d2619a8767/scipy-1.14.1-cp312-cp312-macosx_14_0_arm64.whl", hash = "sha256:2843f2d527d9eebec9a43e6b406fb7266f3af25a751aa91d62ff416f54170bc5", size = 23148375 },
    { url = "https://files.pythonhosted.org/packages/f6/32/3a6dedd51d68eb7b8e7dc7947d5d841bcb699f1bf4463639554986f4d782/scipy-1.14.1-cp312-cp312-macosx_14_0_x86_64.whl", hash = "sha256:eb58ca0abd96911932f688528977858681a59d61a7ce908ffd355957f7025cfc", size = 25578573 },
    { url = "https://files.pythonhosted.org/packages/f0/5a/efa92a58dc3a2898705f1dc9dbaf390ca7d4fba26d6ab8cfffb0c72f656f/scipy-1.14.1-cp312-cp312-manylinux_2_17_aarch64.manylinux2014_aarch64.whl", hash = "sha256:30ac8812c1d2aab7131a79ba62933a2a76f582d5dbbc695192453dae67ad6310", size = 35319299 },
    { url = "https://files.pythonhosted.org/packages/8e/ee/8a26858ca517e9c64f84b4c7734b89bda8e63bec85c3d2f432d225bb1886/scipy-1.14.1-cp312-cp312-manylinux_2_17_x86_64.manylinux2014_x86_64.whl", hash = "sha256:8f9ea80f2e65bdaa0b7627fb00cbeb2daf163caa015e59b7516395fe3bd1e066", size = 40849331 },
    { url = "https://files.pythonhosted.org/packages/a5/cd/06f72bc9187840f1c99e1a8750aad4216fc7dfdd7df46e6280add14b4822/scipy-1.14.1-cp312-cp312-musllinux_1_2_x86_64.whl", hash = "sha256:edaf02b82cd7639db00dbff629995ef185c8df4c3ffa71a5562a595765a06ce1", size = 42544049 },
    { url = "https://files.pythonhosted.org/packages/aa/7d/43ab67228ef98c6b5dd42ab386eae2d7877036970a0d7e3dd3eb47a0d530/scipy-1.14.1-cp312-cp312-win_amd64.whl", hash = "sha256:2ff38e22128e6c03ff73b6bb0f85f897d2362f8c052e3b8ad00532198fbdae3f", size = 44521212 },
    { url = "https://files.pythonhosted.org/packages/50/ef/ac98346db016ff18a6ad7626a35808f37074d25796fd0234c2bb0ed1e054/scipy-1.14.1-cp313-cp313-macosx_10_13_x86_64.whl", hash = "sha256:1729560c906963fc8389f6aac023739ff3983e727b1a4d87696b7bf108316a79", size = 39091068 },
    { url = "https://files.pythonhosted.org/packages/b9/cc/70948fe9f393b911b4251e96b55bbdeaa8cca41f37c26fd1df0232933b9e/scipy-1.14.1-cp313-cp313-macosx_12_0_arm64.whl", hash = "sha256:4079b90df244709e675cdc8b93bfd8a395d59af40b72e339c2287c91860deb8e", size = 29875417 },
    { url = "https://files.pythonhosted.org/packages/3b/2e/35f549b7d231c1c9f9639f9ef49b815d816bf54dd050da5da1c11517a218/scipy-1.14.1-cp313-cp313-macosx_14_0_arm64.whl", hash = "sha256:e0cf28db0f24a38b2a0ca33a85a54852586e43cf6fd876365c86e0657cfe7d73", size = 23084508 },
    { url = "https://files.pythonhosted.org/packages/3f/d6/b028e3f3e59fae61fb8c0f450db732c43dd1d836223a589a8be9f6377203/scipy-1.14.1-cp313-cp313-macosx_14_0_x86_64.whl", hash = "sha256:0c2f95de3b04e26f5f3ad5bb05e74ba7f68b837133a4492414b3afd79dfe540e", size = 25503364 },
    { url = "https://files.pythonhosted.org/packages/a7/2f/6c142b352ac15967744d62b165537a965e95d557085db4beab2a11f7943b/scipy-1.14.1-cp313-cp313-manylinux_2_17_aarch64.manylinux2014_aarch64.whl", hash = "sha256:b99722ea48b7ea25e8e015e8341ae74624f72e5f21fc2abd45f3a93266de4c5d", size = 35292639 },
    { url = "https://files.pythonhosted.org/packages/56/46/2449e6e51e0d7c3575f289f6acb7f828938eaab8874dbccfeb0cd2b71a27/scipy-1.14.1-cp313-cp313-manylinux_2_17_x86_64.manylinux2014_x86_64.whl", hash = "sha256:5149e3fd2d686e42144a093b206aef01932a0059c2a33ddfa67f5f035bdfe13e", size = 40798288 },
    { url = "https://files.pythonhosted.org/packages/32/cd/9d86f7ed7f4497c9fd3e39f8918dd93d9f647ba80d7e34e4946c0c2d1a7c/scipy-1.14.1-cp313-cp313-musllinux_1_2_x86_64.whl", hash = "sha256:e4f5a7c49323533f9103d4dacf4e4f07078f360743dec7f7596949149efeec06", size = 42524647 },
    { url = "https://files.pythonhosted.org/packages/f5/1b/6ee032251bf4cdb0cc50059374e86a9f076308c1512b61c4e003e241efb7/scipy-1.14.1-cp313-cp313-win_amd64.whl", hash = "sha256:baff393942b550823bfce952bb62270ee17504d02a1801d7fd0719534dfb9c84", size = 44469524 },
]

[[package]]
name = "setuptools"
version = "70.0.0"
source = { registry = "https://download.pytorch.org/whl/cu124" }
wheels = [
    { url = "https://download.pytorch.org/whl/setuptools-70.0.0-py3-none-any.whl", hash = "sha256:54faa7f2e8d2d11bcd2c07bed282eef1046b5c080d1c32add737d7b5817b1ad4" },
]

[[package]]
name = "sympy"
version = "1.13.1"
source = { registry = "https://download.pytorch.org/whl/cu124" }
dependencies = [
    { name = "mpmath" },
]
wheels = [
    { url = "https://download.pytorch.org/whl/sympy-1.13.1-py3-none-any.whl", hash = "sha256:db36cdc64bf61b9b24578b6f7bab1ecdd2452cf008f34faa33776680c26d66f8" },
]

[[package]]
name = "text-encoder-only"
version = "0.1.0"
source = { virtual = "." }
dependencies = [
    { name = "clip" },
    { name = "ftfy" },
    { name = "python-dotenv" },
    { name = "regex" },
    { name = "safetensors" },
    { name = "scipy" },
    { name = "torch" },
    { name = "torchvision" },
    { name = "tqdm" },
]

[package.metadata]
requires-dist = [
    { name = "clip", git = "https://github.com/openai/CLIP" },
    { name = "ftfy", specifier = ">=6.3.0" },
    { name = "python-dotenv", specifier = ">=1.0.1" },
    { name = "regex", specifier = ">=2024.9.11" },
    { name = "safetensors", specifier = ">=0.4.5" },
    { name = "scipy", specifier = ">=1.14.1" },
    { name = "torch", specifier = "==2.4.1+cu124" },
    { name = "torchvision", specifier = "==0.19.1+cu124" },
    { name = "tqdm", specifier = ">=4.66.5" },
]

[[package]]
name = "torch"
version = "2.4.1+cu124"
source = { registry = "https://download.pytorch.org/whl/cu124" }
dependencies = [
    { name = "filelock" },
    { name = "fsspec" },
    { name = "jinja2" },
    { name = "networkx" },
    { name = "nvidia-cublas-cu12", marker = "platform_machine == 'x86_64' and platform_system == 'Linux'" },
    { name = "nvidia-cuda-cupti-cu12", marker = "platform_machine == 'x86_64' and platform_system == 'Linux'" },
    { name = "nvidia-cuda-nvrtc-cu12", marker = "platform_machine == 'x86_64' and platform_system == 'Linux'" },
    { name = "nvidia-cuda-runtime-cu12", marker = "platform_machine == 'x86_64' and platform_system == 'Linux'" },
    { name = "nvidia-cudnn-cu12", marker = "platform_machine == 'x86_64' and platform_system == 'Linux'" },
    { name = "nvidia-cufft-cu12", marker = "platform_machine == 'x86_64' and platform_system == 'Linux'" },
    { name = "nvidia-curand-cu12", marker = "platform_machine == 'x86_64' and platform_system == 'Linux'" },
    { name = "nvidia-cusolver-cu12", marker = "platform_machine == 'x86_64' and platform_system == 'Linux'" },
    { name = "nvidia-cusparse-cu12", marker = "platform_machine == 'x86_64' and platform_system == 'Linux'" },
    { name = "nvidia-nccl-cu12", marker = "platform_machine == 'x86_64' and platform_system == 'Linux'" },
    { name = "nvidia-nvjitlink-cu12", marker = "platform_machine == 'x86_64' and platform_system == 'Linux'" },
    { name = "nvidia-nvtx-cu12", marker = "platform_machine == 'x86_64' and platform_system == 'Linux'" },
    { name = "setuptools" },
    { name = "sympy" },
    { name = "triton", marker = "python_full_version < '3.13' and platform_machine == 'x86_64' and platform_system == 'Linux'" },
    { name = "typing-extensions" },
]
wheels = [
    { url = "https://download.pytorch.org/whl/cu124/torch-2.4.1%2Bcu124-cp312-cp312-linux_x86_64.whl", hash = "sha256:975a1d0540ebe05f6f88f692bb9d848f7fac035343a91aef08f2b8d0040dde8c" },
    { url = "https://download.pytorch.org/whl/cu124/torch-2.4.1%2Bcu124-cp312-cp312-win_amd64.whl", hash = "sha256:d077728576768acbf0e4ce1b87164d1f3f75c17a9b1676c09e84c32ceeac1c06" },
]

[[package]]
name = "torchvision"
version = "0.19.1+cu124"
source = { registry = "https://download.pytorch.org/whl/cu124" }
dependencies = [
    { name = "numpy" },
    { name = "pillow" },
    { name = "torch" },
]
wheels = [
    { url = "https://download.pytorch.org/whl/cu124/torchvision-0.19.1%2Bcu124-cp312-cp312-linux_x86_64.whl", hash = "sha256:cc02e67d09cad8ca39dd6a969f517cc35cac3708edbf58a4dfece3ac93a66872" },
    { url = "https://download.pytorch.org/whl/cu124/torchvision-0.19.1%2Bcu124-cp312-cp312-win_amd64.whl", hash = "sha256:00ba20cb86664c8e51a001662ce320dc52137ee1e072842174e9d0f0b114020c" },
]

[[package]]
name = "tqdm"
version = "4.66.5"
source = { registry = "https://download.pytorch.org/whl/cu124" }
dependencies = [
    { name = "colorama", marker = "platform_system == 'Windows'" },
]
wheels = [
    { url = "https://download.pytorch.org/whl/tqdm-4.66.5-py3-none-any.whl" },
]

[[package]]
name = "triton"
version = "3.0.0"
source = { registry = "https://download.pytorch.org/whl/cu124" }
dependencies = [
    { name = "filelock" },
]
wheels = [
    { url = "https://download.pytorch.org/whl/triton-3.0.0-1-cp312-cp312-manylinux2014_x86_64.manylinux_2_17_x86_64.whl", hash = "sha256:34e509deb77f1c067d8640725ef00c5cbfcb2052a1a3cb6a6d343841f92624eb" },
    { url = "https://download.pytorch.org/whl/triton-3.0.0-cp312-cp312-manylinux_2_17_x86_64.manylinux2014_x86_64.whl", hash = "sha256:0d5e10de8c011adeb7c878c6ce0dd6073b14367749e34467f1cff2bde1b78253" },
]

[[package]]
name = "typing-extensions"
version = "4.9.0"
source = { registry = "https://download.pytorch.org/whl/cu124" }
wheels = [
    { url = "https://download.pytorch.org/whl/typing_extensions-4.9.0-py3-none-any.whl", hash = "sha256:af72aea155e91adfc61c3ae9e0e342dbc0cba726d6cba4b6c72c1f34e47291cd" },
]

[[package]]
name = "wcwidth"
version = "0.2.13"
source = { registry = "https://pypi.org/simple" }
sdist = { url = "https://files.pythonhosted.org/packages/6c/63/53559446a878410fc5a5974feb13d31d78d752eb18aeba59c7fef1af7598/wcwidth-0.2.13.tar.gz", hash = "sha256:72ea0c06399eb286d978fdedb6923a9eb47e1c486ce63e9b4e64fc18303972b5", size = 101301 }
wheels = [
    { url = "https://files.pythonhosted.org/packages/fd/84/fd2ba7aafacbad3c4201d395674fc6348826569da3c0937e75505ead3528/wcwidth-0.2.13-py2.py3-none-any.whl", hash = "sha256:3da69048e4540d84af32131829ff948f1e022c1c6bdb8d6102117aac784f6859", size = 34166 },
]
